// !$*UTF8*$!
{
	archiveVersion = 1;
	classes = {
	};
	objectVersion = 51;
	objects = {

/* Begin PBXBuildFile section */
		0A3F3D9CBF999C8D04FFA0B4 /* Pods_iFollow.framework in Frameworks */ = {isa = PBXBuildFile; fileRef = 5CA24313593CE4CA00639F2C /* Pods_iFollow.framework */; };
		181709472424D8AB00EE5753 /* StickersModel.swift in Sources */ = {isa = PBXBuildFile; fileRef = 181709462424D8AB00EE5753 /* StickersModel.swift */; };
		181A0B67245184BB00E137CB /* UnifiedNativeAdView.xib in Resources */ = {isa = PBXBuildFile; fileRef = 181A0B66245184BB00E137CB /* UnifiedNativeAdView.xib */; };
		1825A528237AEA41002811E7 /* TrendersContainerViewController.swift in Sources */ = {isa = PBXBuildFile; fileRef = 1825A527237AEA41002811E7 /* TrendersContainerViewController.swift */; };
		1825A52A237AEA50002811E7 /* TrendesViewController.swift in Sources */ = {isa = PBXBuildFile; fileRef = 1825A529237AEA50002811E7 /* TrendesViewController.swift */; };
		1825A52C237AEA64002811E7 /* TrendingViewController.swift in Sources */ = {isa = PBXBuildFile; fileRef = 1825A52B237AEA64002811E7 /* TrendingViewController.swift */; };
		1825A52F237AFDEF002811E7 /* ChatContainerViewController.swift in Sources */ = {isa = PBXBuildFile; fileRef = 1825A52E237AFDEF002811E7 /* ChatContainerViewController.swift */; };
		182F62582372E94B00A55E52 /* ChatBoxContainerViewController.swift in Sources */ = {isa = PBXBuildFile; fileRef = 182F62572372E94B00A55E52 /* ChatBoxContainerViewController.swift */; };
		182F625A2372E96A00A55E52 /* AllChatsListViewController.swift in Sources */ = {isa = PBXBuildFile; fileRef = 182F62592372E96A00A55E52 /* AllChatsListViewController.swift */; };
		182F625C2372E97600A55E52 /* AllGroupsListViewController.swift in Sources */ = {isa = PBXBuildFile; fileRef = 182F625B2372E97600A55E52 /* AllGroupsListViewController.swift */; };
		182F625F2372EB4E00A55E52 /* ChatListTableViewCell.swift in Sources */ = {isa = PBXBuildFile; fileRef = 182F625D2372EB4E00A55E52 /* ChatListTableViewCell.swift */; };
		182F62602372EB4E00A55E52 /* ChatListTableViewCell.xib in Resources */ = {isa = PBXBuildFile; fileRef = 182F625E2372EB4E00A55E52 /* ChatListTableViewCell.xib */; };
		18307AB2236C86CE00A0A7C6 /* LoginViewController.swift in Sources */ = {isa = PBXBuildFile; fileRef = 18307AB1236C86CE00A0A7C6 /* LoginViewController.swift */; };
		18307AB5236C97CB00A0A7C6 /* StringExtension.swift in Sources */ = {isa = PBXBuildFile; fileRef = 18307AB4236C97CB00A0A7C6 /* StringExtension.swift */; };
		1834832A2422313A00200F8C /* API.swift in Sources */ = {isa = PBXBuildFile; fileRef = 183483292422313A00200F8C /* API.swift */; };
		1834832C24223E5500200F8C /* ExtensionOfRealm.swift in Sources */ = {isa = PBXBuildFile; fileRef = 1834832B24223E5500200F8C /* ExtensionOfRealm.swift */; };
		1839088D236C70D6009A28E6 /* AppDelegate.swift in Sources */ = {isa = PBXBuildFile; fileRef = 1839088C236C70D6009A28E6 /* AppDelegate.swift */; };
		18390892236C70D6009A28E6 /* Main.storyboard in Resources */ = {isa = PBXBuildFile; fileRef = 18390890236C70D6009A28E6 /* Main.storyboard */; };
		18390894236C70DA009A28E6 /* Assets.xcassets in Resources */ = {isa = PBXBuildFile; fileRef = 18390893236C70DA009A28E6 /* Assets.xcassets */; };
		18390897236C70DA009A28E6 /* LaunchScreen.storyboard in Resources */ = {isa = PBXBuildFile; fileRef = 18390895236C70DA009A28E6 /* LaunchScreen.storyboard */; };
		183908A0236C7A99009A28E6 /* MainViewController.swift in Sources */ = {isa = PBXBuildFile; fileRef = 1839089F236C7A99009A28E6 /* MainViewController.swift */; };
		183A9B7F2371D7AA00ADCD10 /* Lato-Black.ttf in Resources */ = {isa = PBXBuildFile; fileRef = 183A9B7E2371D7AA00ADCD10 /* Lato-Black.ttf */; };
		1855080F23795352008EAC2E /* SegmentProgressBar.swift in Sources */ = {isa = PBXBuildFile; fileRef = 1855080E23795352008EAC2E /* SegmentProgressBar.swift */; };
		185508122379696E008EAC2E /* sampleVideo.mp4 in Resources */ = {isa = PBXBuildFile; fileRef = 185508112379696E008EAC2E /* sampleVideo.mp4 */; };
		1855081423796E5E008EAC2E /* video.mp4 in Resources */ = {isa = PBXBuildFile; fileRef = 1855081323796E5E008EAC2E /* video.mp4 */; };
		1855081623797DA8008EAC2E /* SendStoryViewController.swift in Sources */ = {isa = PBXBuildFile; fileRef = 1855081523797DA8008EAC2E /* SendStoryViewController.swift */; };
		1855081923798976008EAC2E /* FriendsTableViewCell.swift in Sources */ = {isa = PBXBuildFile; fileRef = 1855081723798976008EAC2E /* FriendsTableViewCell.swift */; };
		1855081A23798976008EAC2E /* FriendsTableViewCell.xib in Resources */ = {isa = PBXBuildFile; fileRef = 1855081823798976008EAC2E /* FriendsTableViewCell.xib */; };
		1855081C23799422008EAC2E /* HalfSizePresentation.swift in Sources */ = {isa = PBXBuildFile; fileRef = 1855081B23799422008EAC2E /* HalfSizePresentation.swift */; };
		185640E023741B7800CC2777 /* MenuViewController.swift in Sources */ = {isa = PBXBuildFile; fileRef = 185640DF23741B7800CC2777 /* MenuViewController.swift */; };
		185640E3237423C100CC2777 /* MenuTableViewCell.swift in Sources */ = {isa = PBXBuildFile; fileRef = 185640E1237423C100CC2777 /* MenuTableViewCell.swift */; };
		185640E4237423C100CC2777 /* MenuTableViewCell.xib in Resources */ = {isa = PBXBuildFile; fileRef = 185640E2237423C100CC2777 /* MenuTableViewCell.xib */; };
		185640E7237426B600CC2777 /* MenuSeperatorTableViewCell.swift in Sources */ = {isa = PBXBuildFile; fileRef = 185640E5237426B600CC2777 /* MenuSeperatorTableViewCell.swift */; };
		185640E8237426B600CC2777 /* MenuSeperatorTableViewCell.xib in Resources */ = {isa = PBXBuildFile; fileRef = 185640E6237426B600CC2777 /* MenuSeperatorTableViewCell.xib */; };
		185640EA2374444D00CC2777 /* PrivateChatBoxViewController.swift in Sources */ = {isa = PBXBuildFile; fileRef = 185640E92374444D00CC2777 /* PrivateChatBoxViewController.swift */; };
		185640EC23745A3C00CC2777 /* OtherUserProfileViewController.swift in Sources */ = {isa = PBXBuildFile; fileRef = 185640EB23745A3C00CC2777 /* OtherUserProfileViewController.swift */; };
		185640EF2374796300CC2777 /* CreateGroupViewController.swift in Sources */ = {isa = PBXBuildFile; fileRef = 185640EE2374796300CC2777 /* CreateGroupViewController.swift */; };
		185AFE2F242A462500AC38FB /* PrivacyViewController.swift in Sources */ = {isa = PBXBuildFile; fileRef = 185AFE2E242A462500AC38FB /* PrivacyViewController.swift */; };
		185CC0C52379A096006BDC9D /* NewPostViewController.swift in Sources */ = {isa = PBXBuildFile; fileRef = 185CC0C42379A096006BDC9D /* NewPostViewController.swift */; };
		1863EB98241BC548000E5C31 /* LEMONMILK-MediumItalic.otf in Resources */ = {isa = PBXBuildFile; fileRef = 1863EB97241BC548000E5C31 /* LEMONMILK-MediumItalic.otf */; };
		1863EB9A241BC5BD000E5C31 /* Gobold Lowplus.otf in Resources */ = {isa = PBXBuildFile; fileRef = 1863EB99241BC5BD000E5C31 /* Gobold Lowplus.otf */; };
		1863EB9C241BC5E8000E5C31 /* PoetsenOne-Regular.ttf in Resources */ = {isa = PBXBuildFile; fileRef = 1863EB9B241BC5E8000E5C31 /* PoetsenOne-Regular.ttf */; };
		1863EB9E241BC613000E5C31 /* Evogria Italic.otf in Resources */ = {isa = PBXBuildFile; fileRef = 1863EB9D241BC613000E5C31 /* Evogria Italic.otf */; };
		186A989F241A9B9D000AD9AB /* Rightland.otf in Resources */ = {isa = PBXBuildFile; fileRef = 186A989E241A9B9D000AD9AB /* Rightland.otf */; };
		186A98A1241A9BA7000AD9AB /* Cream Cake.ttf in Resources */ = {isa = PBXBuildFile; fileRef = 186A98A0241A9BA7000AD9AB /* Cream Cake.ttf */; };
		186A98A3241A9BBF000AD9AB /* JandaCurlygirlSerif.ttf in Resources */ = {isa = PBXBuildFile; fileRef = 186A98A2241A9BBF000AD9AB /* JandaCurlygirlSerif.ttf */; };
		186A98A5241A9BDE000AD9AB /* Simplisicky Fill.ttf in Resources */ = {isa = PBXBuildFile; fileRef = 186A98A4241A9BDE000AD9AB /* Simplisicky Fill.ttf */; };
		186A98A7241A9BF0000AD9AB /* yellosun.ttf in Resources */ = {isa = PBXBuildFile; fileRef = 186A98A6241A9BF0000AD9AB /* yellosun.ttf */; };
		186CD0D4242391BF004E7D90 /* GoogleService-Info.plist in Resources */ = {isa = PBXBuildFile; fileRef = 186CD0D3242391BF004E7D90 /* GoogleService-Info.plist */; };
		18706FF62373209D007F8BF2 /* EditProfileViewController.swift in Sources */ = {isa = PBXBuildFile; fileRef = 18706FF52373209D007F8BF2 /* EditProfileViewController.swift */; };
		18706FF9237323DB007F8BF2 /* EditProfileImageTableViewCell.swift in Sources */ = {isa = PBXBuildFile; fileRef = 18706FF7237323DB007F8BF2 /* EditProfileImageTableViewCell.swift */; };
		18706FFA237323DB007F8BF2 /* EditProfileImageTableViewCell.xib in Resources */ = {isa = PBXBuildFile; fileRef = 18706FF8237323DB007F8BF2 /* EditProfileImageTableViewCell.xib */; };
		18706FFD23732835007F8BF2 /* EditProfileTextFieldsTableViewCell.swift in Sources */ = {isa = PBXBuildFile; fileRef = 18706FFB23732835007F8BF2 /* EditProfileTextFieldsTableViewCell.swift */; };
		18706FFE23732835007F8BF2 /* EditProfileTextFieldsTableViewCell.xib in Resources */ = {isa = PBXBuildFile; fileRef = 18706FFC23732835007F8BF2 /* EditProfileTextFieldsTableViewCell.xib */; };
		1870700123732CF9007F8BF2 /* EditProfileGenderTableViewCell.swift in Sources */ = {isa = PBXBuildFile; fileRef = 18706FFF23732CF9007F8BF2 /* EditProfileGenderTableViewCell.swift */; };
		1870700223732CF9007F8BF2 /* EditProfileGenderTableViewCell.xib in Resources */ = {isa = PBXBuildFile; fileRef = 1870700023732CF9007F8BF2 /* EditProfileGenderTableViewCell.xib */; };
		1870700523732F5F007F8BF2 /* EditProfileSaveButtonTableViewCell.swift in Sources */ = {isa = PBXBuildFile; fileRef = 1870700323732F5F007F8BF2 /* EditProfileSaveButtonTableViewCell.swift */; };
		1870700623732F5F007F8BF2 /* EditProfileSaveButtonTableViewCell.xib in Resources */ = {isa = PBXBuildFile; fileRef = 1870700423732F5F007F8BF2 /* EditProfileSaveButtonTableViewCell.xib */; };
		18781C2023707001001BAF95 /* FeedsView.xib in Resources */ = {isa = PBXBuildFile; fileRef = 18781C1F23707001001BAF95 /* FeedsView.xib */; };
		18781C2223707019001BAF95 /* FeedsView.swift in Sources */ = {isa = PBXBuildFile; fileRef = 18781C2123707019001BAF95 /* FeedsView.swift */; };
		18781C24237087D3001BAF95 /* UIViewExtension.swift in Sources */ = {isa = PBXBuildFile; fileRef = 18781C23237087D3001BAF95 /* UIViewExtension.swift */; };
		188073AB242B41EF0005CAE4 /* UserPostsModel.swift in Sources */ = {isa = PBXBuildFile; fileRef = 188073AA242B41EF0005CAE4 /* UserPostsModel.swift */; };
		188073AD242B47E30005CAE4 /* Reachability.swift in Sources */ = {isa = PBXBuildFile; fileRef = 188073AC242B47E30005CAE4 /* Reachability.swift */; };
		188073AF242B73810005CAE4 /* OtherUserModel.swift in Sources */ = {isa = PBXBuildFile; fileRef = 188073AE242B73810005CAE4 /* OtherUserModel.swift */; };
		188073B1242BA1040005CAE4 /* NotificationModel.swift in Sources */ = {isa = PBXBuildFile; fileRef = 188073B0242BA1040005CAE4 /* NotificationModel.swift */; };
		18847A53237BF2FA004D500A /* ChatViewController.swift in Sources */ = {isa = PBXBuildFile; fileRef = 18847A52237BF2FA004D500A /* ChatViewController.swift */; };
		18847A55237C21F1004D500A /* GroupDetailViewController.swift in Sources */ = {isa = PBXBuildFile; fileRef = 18847A54237C21F1004D500A /* GroupDetailViewController.swift */; };
		18847A58237C3010004D500A /* MediaCollectionViewCell.swift in Sources */ = {isa = PBXBuildFile; fileRef = 18847A56237C3010004D500A /* MediaCollectionViewCell.swift */; };
		18847A59237C3010004D500A /* MediaCollectionViewCell.xib in Resources */ = {isa = PBXBuildFile; fileRef = 18847A57237C3010004D500A /* MediaCollectionViewCell.xib */; };
		18847A5B237C5A52004D500A /* MediaViewController.swift in Sources */ = {isa = PBXBuildFile; fileRef = 18847A5A237C5A52004D500A /* MediaViewController.swift */; };
		1885744B2372B91900985AC8 /* CameraViewController.swift in Sources */ = {isa = PBXBuildFile; fileRef = 1885744A2372B91900985AC8 /* CameraViewController.swift */; };
		1889F2DE23DF41100079DB72 /* ViewersViewController.swift in Sources */ = {isa = PBXBuildFile; fileRef = 1889F2DD23DF41100079DB72 /* ViewersViewController.swift */; };
		188CB374244DA57200B0C2B9 /* MessagesModel.swift in Sources */ = {isa = PBXBuildFile; fileRef = 188CB373244DA57200B0C2B9 /* MessagesModel.swift */; };
		1890CB81242136060096044E /* UserModel.swift in Sources */ = {isa = PBXBuildFile; fileRef = 1890CB80242136060096044E /* UserModel.swift */; };
		189329BA237014E90067077F /* Utility.swift in Sources */ = {isa = PBXBuildFile; fileRef = 189329B9237014E90067077F /* Utility.swift */; };
		189329BC237015D80067077F /* ViewControllerExtension.swift in Sources */ = {isa = PBXBuildFile; fileRef = 189329BB237015D80067077F /* ViewControllerExtension.swift */; };
		189329BF23701EE50067077F /* SignupViewController.swift in Sources */ = {isa = PBXBuildFile; fileRef = 189329BE23701EE50067077F /* SignupViewController.swift */; };
		189329C3237020910067077F /* Lato-Bold_0.ttf in Resources */ = {isa = PBXBuildFile; fileRef = 189329C0237020900067077F /* Lato-Bold_0.ttf */; };
		189329C4237020910067077F /* Lato-Semibold_0.ttf in Resources */ = {isa = PBXBuildFile; fileRef = 189329C1237020900067077F /* Lato-Semibold_0.ttf */; };
		189329C5237020910067077F /* Lato-Regular_0.ttf in Resources */ = {isa = PBXBuildFile; fileRef = 189329C2237020910067077F /* Lato-Regular_0.ttf */; };
		189329C7237023860067077F /* Theme.swift in Sources */ = {isa = PBXBuildFile; fileRef = 189329C6237023860067077F /* Theme.swift */; };
		189329C923702FE90067077F /* ForgotPasswordViewController.swift in Sources */ = {isa = PBXBuildFile; fileRef = 189329C823702FE90067077F /* ForgotPasswordViewController.swift */; };
		189329CB237030040067077F /* SetPasswordViewController.swift in Sources */ = {isa = PBXBuildFile; fileRef = 189329CA237030040067077F /* SetPasswordViewController.swift */; };
		189329CD237035670067077F /* LabelExtension.swift in Sources */ = {isa = PBXBuildFile; fileRef = 189329CC237035670067077F /* LabelExtension.swift */; };
		189329D023705E510067077F /* HomeViewController.swift in Sources */ = {isa = PBXBuildFile; fileRef = 189329CF23705E510067077F /* HomeViewController.swift */; };
		189329D4237061A70067077F /* StoryCollectionViewCell.swift in Sources */ = {isa = PBXBuildFile; fileRef = 189329D2237061A70067077F /* StoryCollectionViewCell.swift */; };
		189329D5237061A70067077F /* StoryCollectionViewCell.xib in Resources */ = {isa = PBXBuildFile; fileRef = 189329D3237061A70067077F /* StoryCollectionViewCell.xib */; };
		1895C31524358036006F3CE7 /* StoryModel.swift in Sources */ = {isa = PBXBuildFile; fileRef = 1895C31424358036006F3CE7 /* StoryModel.swift */; };
		189AA402244F29F40074B081 /* ShareStoriesViewController.swift in Sources */ = {isa = PBXBuildFile; fileRef = 189AA401244F29F40074B081 /* ShareStoriesViewController.swift */; };
		189E3F8F24408F5800244BCD /* PostDetailViewController.swift in Sources */ = {isa = PBXBuildFile; fileRef = 189E3F8E24408F5800244BCD /* PostDetailViewController.swift */; };
		18A1F32A243C9C2A002E542A /* StoryUserModel.swift in Sources */ = {isa = PBXBuildFile; fileRef = 18A1F329243C9C2A002E542A /* StoryUserModel.swift */; };
		18A32622240FBCD900CF329E /* UIImage+Transform.swift in Sources */ = {isa = PBXBuildFile; fileRef = 18A32621240FBCD800CF329E /* UIImage+Transform.swift */; };
		18A32627240FBCE800CF329E /* DSSwipableFilterView.swift in Sources */ = {isa = PBXBuildFile; fileRef = 18A32623240FBCE700CF329E /* DSSwipableFilterView.swift */; };
		18A32628240FBCE800CF329E /* DSFilterView.swift in Sources */ = {isa = PBXBuildFile; fileRef = 18A32624240FBCE800CF329E /* DSFilterView.swift */; };
		18A32629240FBCE800CF329E /* DSSwipableFilterViewDataSource.swift in Sources */ = {isa = PBXBuildFile; fileRef = 18A32625240FBCE800CF329E /* DSSwipableFilterViewDataSource.swift */; };
		18A3262A240FBCE800CF329E /* DSFilter.swift in Sources */ = {isa = PBXBuildFile; fileRef = 18A32626240FBCE800CF329E /* DSFilter.swift */; };
		18A3262C241010AE00CF329E /* EmojisViewController.swift in Sources */ = {isa = PBXBuildFile; fileRef = 18A3262B241010AE00CF329E /* EmojisViewController.swift */; };
		18A3262F241010D300CF329E /* EmojisCollectionViewCell.swift in Sources */ = {isa = PBXBuildFile; fileRef = 18A3262D241010D300CF329E /* EmojisCollectionViewCell.swift */; };
		18A32630241010D300CF329E /* EmojisCollectionViewCell.xib in Resources */ = {isa = PBXBuildFile; fileRef = 18A3262E241010D300CF329E /* EmojisCollectionViewCell.xib */; };
		18A4C33D244859AB00893D9D /* GroupChatModel.swift in Sources */ = {isa = PBXBuildFile; fileRef = 18A4C33C244859AB00893D9D /* GroupChatModel.swift */; };
		18AC39A5237ED0A40044136B /* AddMembersViewController.swift in Sources */ = {isa = PBXBuildFile; fileRef = 18AC39A4237ED0A40044136B /* AddMembersViewController.swift */; };
		18AD1C4B2449F70F006AFF67 /* ShareViewController.swift in Sources */ = {isa = PBXBuildFile; fileRef = 18AD1C4A2449F70F006AFF67 /* ShareViewController.swift */; };
		18B086432371AA71002D773E /* TabBarViewController.swift in Sources */ = {isa = PBXBuildFile; fileRef = 18B086422371AA71002D773E /* TabBarViewController.swift */; };
		18B14CC123758086005E5CE4 /* SignupDetail1ViewController.swift in Sources */ = {isa = PBXBuildFile; fileRef = 18B14CC023758086005E5CE4 /* SignupDetail1ViewController.swift */; };
		18B14CC3237580A0005E5CE4 /* SignupDetail2ViewController.swift in Sources */ = {isa = PBXBuildFile; fileRef = 18B14CC2237580A0005E5CE4 /* SignupDetail2ViewController.swift */; };
		18B14CC52375AB8F005E5CE4 /* OptionsViewController.swift in Sources */ = {isa = PBXBuildFile; fileRef = 18B14CC42375AB8F005E5CE4 /* OptionsViewController.swift */; };
		18B14CC72375ABD6005E5CE4 /* OptionsTableViewCell.swift in Sources */ = {isa = PBXBuildFile; fileRef = 18B14CC62375ABD6005E5CE4 /* OptionsTableViewCell.swift */; };
		18B14CCA2375CA85005E5CE4 /* StoriesViewController.swift in Sources */ = {isa = PBXBuildFile; fileRef = 18B14CC92375CA85005E5CE4 /* StoriesViewController.swift */; };
		18B82A312371CBDB00693F7F /* NotificationViewController.swift in Sources */ = {isa = PBXBuildFile; fileRef = 18B82A302371CBDB00693F7F /* NotificationViewController.swift */; };
		18B82A342371D05A00693F7F /* NotificationTableViewCell.swift in Sources */ = {isa = PBXBuildFile; fileRef = 18B82A322371D05A00693F7F /* NotificationTableViewCell.swift */; };
		18B82A352371D05A00693F7F /* NotificationTableViewCell.xib in Resources */ = {isa = PBXBuildFile; fileRef = 18B82A332371D05A00693F7F /* NotificationTableViewCell.xib */; };
		18B92DD6244080F20099272D /* BlockUsersViewController.swift in Sources */ = {isa = PBXBuildFile; fileRef = 18B92DD5244080F20099272D /* BlockUsersViewController.swift */; };
		18BDABB82431D8DE003B772C /* ExtensionOfTapGestures.swift in Sources */ = {isa = PBXBuildFile; fileRef = 18BDABB72431D8DE003B772C /* ExtensionOfTapGestures.swift */; };
		18BDABBA24322510003B772C /* PrivacyPolicyViewController.swift in Sources */ = {isa = PBXBuildFile; fileRef = 18BDABB924322510003B772C /* PrivacyPolicyViewController.swift */; };
		18C88D82237184E2005C739F /* ExploreViewController.swift in Sources */ = {isa = PBXBuildFile; fileRef = 18C88D81237184E2005C739F /* ExploreViewController.swift */; };
		18C88D85237193DB005C739F /* AllStoriesCollectionViewCell.swift in Sources */ = {isa = PBXBuildFile; fileRef = 18C88D83237193DB005C739F /* AllStoriesCollectionViewCell.swift */; };
		18C88D86237193DB005C739F /* AllStoriesCollectionViewCell.xib in Resources */ = {isa = PBXBuildFile; fileRef = 18C88D84237193DB005C739F /* AllStoriesCollectionViewCell.xib */; };
		18C89E08243F267A0032A663 /* SearchViewController.swift in Sources */ = {isa = PBXBuildFile; fileRef = 18C89E07243F267A0032A663 /* SearchViewController.swift */; };
		18C89E0A243F2DD40032A663 /* SearchUserModel.swift in Sources */ = {isa = PBXBuildFile; fileRef = 18C89E09243F2DD40032A663 /* SearchUserModel.swift */; };
		18C89E0C243F3F120032A663 /* RecentChatsModel.swift in Sources */ = {isa = PBXBuildFile; fileRef = 18C89E0B243F3F120032A663 /* RecentChatsModel.swift */; };
		18C970F12445B69300C4F7C4 /* GroupChatViewController.swift in Sources */ = {isa = PBXBuildFile; fileRef = 18C970F02445B69200C4F7C4 /* GroupChatViewController.swift */; };
		18C970F32445CE5000C4F7C4 /* ChatMediaModel.swift in Sources */ = {isa = PBXBuildFile; fileRef = 18C970F22445CE5000C4F7C4 /* ChatMediaModel.swift */; };
		18CD2D8C237EE167007A2C3B /* CommentViewController.swift in Sources */ = {isa = PBXBuildFile; fileRef = 18CD2D8B237EE167007A2C3B /* CommentViewController.swift */; };
		18D0B3BC2372CC3100C6BD06 /* ProfileViewController.swift in Sources */ = {isa = PBXBuildFile; fileRef = 18D0B3BB2372CC3100C6BD06 /* ProfileViewController.swift */; };
		18D6BBD424375749004D90EB /* AudioRecorderSingleton.swift in Sources */ = {isa = PBXBuildFile; fileRef = 18D6BBD324375749004D90EB /* AudioRecorderSingleton.swift */; };
		18DC8813242127FE00494FAD /* Constant.swift in Sources */ = {isa = PBXBuildFile; fileRef = 18DC8812242127FE00494FAD /* Constant.swift */; };
		18DF117E246C2E2600D0F89E /* MobilePlayerNotification.swift in Sources */ = {isa = PBXBuildFile; fileRef = 18DF115C246C2E2600D0F89E /* MobilePlayerNotification.swift */; };
		18DF117F246C2E2600D0F89E /* YoutubeParser.swift in Sources */ = {isa = PBXBuildFile; fileRef = 18DF115E246C2E2600D0F89E /* YoutubeParser.swift */; };
		18DF1180246C2E2600D0F89E /* MobilePlayerViewController.swift in Sources */ = {isa = PBXBuildFile; fileRef = 18DF1160246C2E2600D0F89E /* MobilePlayerViewController.swift */; };
		18DF1181246C2E2600D0F89E /* SliderConfig.swift in Sources */ = {isa = PBXBuildFile; fileRef = 18DF1162246C2E2600D0F89E /* SliderConfig.swift */; };
		18DF1182246C2E2600D0F89E /* ElementConfig.swift in Sources */ = {isa = PBXBuildFile; fileRef = 18DF1163246C2E2600D0F89E /* ElementConfig.swift */; };
		18DF1183246C2E2600D0F89E /* LabelConfig.swift in Sources */ = {isa = PBXBuildFile; fileRef = 18DF1164246C2E2600D0F89E /* LabelConfig.swift */; };
		18DF1184246C2E2600D0F89E /* MobilePlayerConfig.swift in Sources */ = {isa = PBXBuildFile; fileRef = 18DF1165246C2E2600D0F89E /* MobilePlayerConfig.swift */; };
		18DF1185246C2E2600D0F89E /* WatermarkConfig.swift in Sources */ = {isa = PBXBuildFile; fileRef = 18DF1166246C2E2600D0F89E /* WatermarkConfig.swift */; };
		18DF1186246C2E2600D0F89E /* BarConfig.swift in Sources */ = {isa = PBXBuildFile; fileRef = 18DF1167246C2E2600D0F89E /* BarConfig.swift */; };
		18DF1187246C2E2600D0F89E /* ToggleButtonConfig.swift in Sources */ = {isa = PBXBuildFile; fileRef = 18DF1168246C2E2600D0F89E /* ToggleButtonConfig.swift */; };
		18DF1188246C2E2600D0F89E /* ButtonConfig.swift in Sources */ = {isa = PBXBuildFile; fileRef = 18DF1169246C2E2600D0F89E /* ButtonConfig.swift */; };
		18DF1189246C2E2600D0F89E /* UIColor+Hex.swift in Sources */ = {isa = PBXBuildFile; fileRef = 18DF116B246C2E2600D0F89E /* UIColor+Hex.swift */; };
		18DF118A246C2E2600D0F89E /* UIImage+CocoaPods.swift in Sources */ = {isa = PBXBuildFile; fileRef = 18DF116C246C2E2600D0F89E /* UIImage+CocoaPods.swift */; };
		18DF118B246C2E2600D0F89E /* ClosureSupport.swift in Sources */ = {isa = PBXBuildFile; fileRef = 18DF116D246C2E2600D0F89E /* ClosureSupport.swift */; };
		18DF118C246C2E2600D0F89E /* MobilePlayerOverlayViewController.swift in Sources */ = {isa = PBXBuildFile; fileRef = 18DF116E246C2E2600D0F89E /* MobilePlayerOverlayViewController.swift */; };
		18DF118D246C2E2600D0F89E /* WatermarkViewController.swift in Sources */ = {isa = PBXBuildFile; fileRef = 18DF116F246C2E2600D0F89E /* WatermarkViewController.swift */; };
		18DF118E246C2E2600D0F89E /* Label.swift in Sources */ = {isa = PBXBuildFile; fileRef = 18DF1171246C2E2600D0F89E /* Label.swift */; };
		18DF118F246C2E2600D0F89E /* MobilePlayerControlsView.swift in Sources */ = {isa = PBXBuildFile; fileRef = 18DF1172246C2E2600D0F89E /* MobilePlayerControlsView.swift */; };
		18DF1190246C2E2600D0F89E /* VolumeView.swift in Sources */ = {isa = PBXBuildFile; fileRef = 18DF1173246C2E2600D0F89E /* VolumeView.swift */; };
		18DF1191246C2E2600D0F89E /* Bar.swift in Sources */ = {isa = PBXBuildFile; fileRef = 18DF1174246C2E2600D0F89E /* Bar.swift */; };
		18DF1192246C2E2600D0F89E /* Element.swift in Sources */ = {isa = PBXBuildFile; fileRef = 18DF1175246C2E2600D0F89E /* Element.swift */; };
		18DF1193246C2E2600D0F89E /* PlayerView.swift in Sources */ = {isa = PBXBuildFile; fileRef = 18DF1176246C2E2600D0F89E /* PlayerView.swift */; };
		18DF1194246C2E2600D0F89E /* Slider.swift in Sources */ = {isa = PBXBuildFile; fileRef = 18DF1177246C2E2600D0F89E /* Slider.swift */; };
		18DF1195246C2E2600D0F89E /* ToggleButton.swift in Sources */ = {isa = PBXBuildFile; fileRef = 18DF1178246C2E2600D0F89E /* ToggleButton.swift */; };
		18DF1196246C2E2600D0F89E /* Button.swift in Sources */ = {isa = PBXBuildFile; fileRef = 18DF1179246C2E2600D0F89E /* Button.swift */; };
		18DF1197246C2E2600D0F89E /* MobilePlayerControllable.swift in Sources */ = {isa = PBXBuildFile; fileRef = 18DF117B246C2E2600D0F89E /* MobilePlayerControllable.swift */; };
		18DF1198246C2E2600D0F89E /* StateHelper.swift in Sources */ = {isa = PBXBuildFile; fileRef = 18DF117D246C2E2600D0F89E /* StateHelper.swift */; };
		18E198F1243B140900511296 /* HomePostsModel.swift in Sources */ = {isa = PBXBuildFile; fileRef = 18E198F0243B140900511296 /* HomePostsModel.swift */; };
		18E198F3243B5BDD00511296 /* PostLikesUserModel.swift in Sources */ = {isa = PBXBuildFile; fileRef = 18E198F2243B5BDD00511296 /* PostLikesUserModel.swift */; };
/* End PBXBuildFile section */

/* Begin PBXFileReference section */
		181709462424D8AB00EE5753 /* StickersModel.swift */ = {isa = PBXFileReference; lastKnownFileType = sourcecode.swift; path = StickersModel.swift; sourceTree = "<group>"; };
		181A0B66245184BB00E137CB /* UnifiedNativeAdView.xib */ = {isa = PBXFileReference; fileEncoding = 4; lastKnownFileType = file.xib; path = UnifiedNativeAdView.xib; sourceTree = "<group>"; };
		1825A527237AEA41002811E7 /* TrendersContainerViewController.swift */ = {isa = PBXFileReference; lastKnownFileType = sourcecode.swift; path = TrendersContainerViewController.swift; sourceTree = "<group>"; };
		1825A529237AEA50002811E7 /* TrendesViewController.swift */ = {isa = PBXFileReference; lastKnownFileType = sourcecode.swift; path = TrendesViewController.swift; sourceTree = "<group>"; };
		1825A52B237AEA64002811E7 /* TrendingViewController.swift */ = {isa = PBXFileReference; lastKnownFileType = sourcecode.swift; path = TrendingViewController.swift; sourceTree = "<group>"; };
		1825A52E237AFDEF002811E7 /* ChatContainerViewController.swift */ = {isa = PBXFileReference; lastKnownFileType = sourcecode.swift; path = ChatContainerViewController.swift; sourceTree = "<group>"; };
		182F62572372E94B00A55E52 /* ChatBoxContainerViewController.swift */ = {isa = PBXFileReference; lastKnownFileType = sourcecode.swift; path = ChatBoxContainerViewController.swift; sourceTree = "<group>"; };
		182F62592372E96A00A55E52 /* AllChatsListViewController.swift */ = {isa = PBXFileReference; lastKnownFileType = sourcecode.swift; path = AllChatsListViewController.swift; sourceTree = "<group>"; };
		182F625B2372E97600A55E52 /* AllGroupsListViewController.swift */ = {isa = PBXFileReference; lastKnownFileType = sourcecode.swift; path = AllGroupsListViewController.swift; sourceTree = "<group>"; };
		182F625D2372EB4E00A55E52 /* ChatListTableViewCell.swift */ = {isa = PBXFileReference; lastKnownFileType = sourcecode.swift; path = ChatListTableViewCell.swift; sourceTree = "<group>"; };
		182F625E2372EB4E00A55E52 /* ChatListTableViewCell.xib */ = {isa = PBXFileReference; lastKnownFileType = file.xib; path = ChatListTableViewCell.xib; sourceTree = "<group>"; };
		18307AB1236C86CE00A0A7C6 /* LoginViewController.swift */ = {isa = PBXFileReference; lastKnownFileType = sourcecode.swift; path = LoginViewController.swift; sourceTree = "<group>"; };
		18307AB4236C97CB00A0A7C6 /* StringExtension.swift */ = {isa = PBXFileReference; lastKnownFileType = sourcecode.swift; path = StringExtension.swift; sourceTree = "<group>"; };
		183483292422313A00200F8C /* API.swift */ = {isa = PBXFileReference; lastKnownFileType = sourcecode.swift; path = API.swift; sourceTree = "<group>"; };
		1834832B24223E5500200F8C /* ExtensionOfRealm.swift */ = {isa = PBXFileReference; lastKnownFileType = sourcecode.swift; path = ExtensionOfRealm.swift; sourceTree = "<group>"; };
		18390889236C70D6009A28E6 /* iFollow.app */ = {isa = PBXFileReference; explicitFileType = wrapper.application; includeInIndex = 0; path = iFollow.app; sourceTree = BUILT_PRODUCTS_DIR; };
		1839088C236C70D6009A28E6 /* AppDelegate.swift */ = {isa = PBXFileReference; lastKnownFileType = sourcecode.swift; path = AppDelegate.swift; sourceTree = "<group>"; };
		18390891236C70D6009A28E6 /* Base */ = {isa = PBXFileReference; lastKnownFileType = file.storyboard; name = Base; path = Base.lproj/Main.storyboard; sourceTree = "<group>"; };
		18390893236C70DA009A28E6 /* Assets.xcassets */ = {isa = PBXFileReference; lastKnownFileType = folder.assetcatalog; path = Assets.xcassets; sourceTree = "<group>"; };
		18390896236C70DA009A28E6 /* Base */ = {isa = PBXFileReference; lastKnownFileType = file.storyboard; name = Base; path = Base.lproj/LaunchScreen.storyboard; sourceTree = "<group>"; };
		18390898236C70DA009A28E6 /* Info.plist */ = {isa = PBXFileReference; lastKnownFileType = text.plist.xml; path = Info.plist; sourceTree = "<group>"; };
		1839089F236C7A99009A28E6 /* MainViewController.swift */ = {isa = PBXFileReference; lastKnownFileType = sourcecode.swift; path = MainViewController.swift; sourceTree = "<group>"; };
		183A9B7E2371D7AA00ADCD10 /* Lato-Black.ttf */ = {isa = PBXFileReference; lastKnownFileType = file; path = "Lato-Black.ttf"; sourceTree = "<group>"; };
		1855080E23795352008EAC2E /* SegmentProgressBar.swift */ = {isa = PBXFileReference; lastKnownFileType = sourcecode.swift; path = SegmentProgressBar.swift; sourceTree = "<group>"; };
		185508112379696E008EAC2E /* sampleVideo.mp4 */ = {isa = PBXFileReference; lastKnownFileType = file; path = sampleVideo.mp4; sourceTree = "<group>"; };
		1855081323796E5E008EAC2E /* video.mp4 */ = {isa = PBXFileReference; lastKnownFileType = file; path = video.mp4; sourceTree = "<group>"; };
		1855081523797DA8008EAC2E /* SendStoryViewController.swift */ = {isa = PBXFileReference; lastKnownFileType = sourcecode.swift; path = SendStoryViewController.swift; sourceTree = "<group>"; };
		1855081723798976008EAC2E /* FriendsTableViewCell.swift */ = {isa = PBXFileReference; lastKnownFileType = sourcecode.swift; path = FriendsTableViewCell.swift; sourceTree = "<group>"; };
		1855081823798976008EAC2E /* FriendsTableViewCell.xib */ = {isa = PBXFileReference; lastKnownFileType = file.xib; path = FriendsTableViewCell.xib; sourceTree = "<group>"; };
		1855081B23799422008EAC2E /* HalfSizePresentation.swift */ = {isa = PBXFileReference; lastKnownFileType = sourcecode.swift; path = HalfSizePresentation.swift; sourceTree = "<group>"; };
		185640DF23741B7800CC2777 /* MenuViewController.swift */ = {isa = PBXFileReference; lastKnownFileType = sourcecode.swift; path = MenuViewController.swift; sourceTree = "<group>"; };
		185640E1237423C100CC2777 /* MenuTableViewCell.swift */ = {isa = PBXFileReference; lastKnownFileType = sourcecode.swift; path = MenuTableViewCell.swift; sourceTree = "<group>"; };
		185640E2237423C100CC2777 /* MenuTableViewCell.xib */ = {isa = PBXFileReference; lastKnownFileType = file.xib; path = MenuTableViewCell.xib; sourceTree = "<group>"; };
		185640E5237426B600CC2777 /* MenuSeperatorTableViewCell.swift */ = {isa = PBXFileReference; lastKnownFileType = sourcecode.swift; path = MenuSeperatorTableViewCell.swift; sourceTree = "<group>"; };
		185640E6237426B600CC2777 /* MenuSeperatorTableViewCell.xib */ = {isa = PBXFileReference; lastKnownFileType = file.xib; path = MenuSeperatorTableViewCell.xib; sourceTree = "<group>"; };
		185640E92374444D00CC2777 /* PrivateChatBoxViewController.swift */ = {isa = PBXFileReference; lastKnownFileType = sourcecode.swift; path = PrivateChatBoxViewController.swift; sourceTree = "<group>"; };
		185640EB23745A3C00CC2777 /* OtherUserProfileViewController.swift */ = {isa = PBXFileReference; lastKnownFileType = sourcecode.swift; path = OtherUserProfileViewController.swift; sourceTree = "<group>"; };
		185640EE2374796300CC2777 /* CreateGroupViewController.swift */ = {isa = PBXFileReference; lastKnownFileType = sourcecode.swift; path = CreateGroupViewController.swift; sourceTree = "<group>"; };
		185AFE2E242A462500AC38FB /* PrivacyViewController.swift */ = {isa = PBXFileReference; lastKnownFileType = sourcecode.swift; path = PrivacyViewController.swift; sourceTree = "<group>"; };
		185CC0C42379A096006BDC9D /* NewPostViewController.swift */ = {isa = PBXFileReference; lastKnownFileType = sourcecode.swift; path = NewPostViewController.swift; sourceTree = "<group>"; };
		1863EB97241BC548000E5C31 /* LEMONMILK-MediumItalic.otf */ = {isa = PBXFileReference; lastKnownFileType = file; path = "LEMONMILK-MediumItalic.otf"; sourceTree = "<group>"; };
		1863EB99241BC5BD000E5C31 /* Gobold Lowplus.otf */ = {isa = PBXFileReference; lastKnownFileType = file; path = "Gobold Lowplus.otf"; sourceTree = "<group>"; };
		1863EB9B241BC5E8000E5C31 /* PoetsenOne-Regular.ttf */ = {isa = PBXFileReference; lastKnownFileType = file; path = "PoetsenOne-Regular.ttf"; sourceTree = "<group>"; };
		1863EB9D241BC613000E5C31 /* Evogria Italic.otf */ = {isa = PBXFileReference; lastKnownFileType = file; path = "Evogria Italic.otf"; sourceTree = "<group>"; };
		186A989E241A9B9D000AD9AB /* Rightland.otf */ = {isa = PBXFileReference; lastKnownFileType = file; path = Rightland.otf; sourceTree = "<group>"; };
		186A98A0241A9BA7000AD9AB /* Cream Cake.ttf */ = {isa = PBXFileReference; lastKnownFileType = file; path = "Cream Cake.ttf"; sourceTree = "<group>"; };
		186A98A2241A9BBF000AD9AB /* JandaCurlygirlSerif.ttf */ = {isa = PBXFileReference; lastKnownFileType = file; path = JandaCurlygirlSerif.ttf; sourceTree = "<group>"; };
		186A98A4241A9BDE000AD9AB /* Simplisicky Fill.ttf */ = {isa = PBXFileReference; lastKnownFileType = file; path = "Simplisicky Fill.ttf"; sourceTree = "<group>"; };
		186A98A6241A9BF0000AD9AB /* yellosun.ttf */ = {isa = PBXFileReference; lastKnownFileType = file; path = yellosun.ttf; sourceTree = "<group>"; };
		186CD0D3242391BF004E7D90 /* GoogleService-Info.plist */ = {isa = PBXFileReference; fileEncoding = 4; lastKnownFileType = text.plist.xml; path = "GoogleService-Info.plist"; sourceTree = "<group>"; };
		18706FF52373209D007F8BF2 /* EditProfileViewController.swift */ = {isa = PBXFileReference; lastKnownFileType = sourcecode.swift; path = EditProfileViewController.swift; sourceTree = "<group>"; };
		18706FF7237323DB007F8BF2 /* EditProfileImageTableViewCell.swift */ = {isa = PBXFileReference; lastKnownFileType = sourcecode.swift; path = EditProfileImageTableViewCell.swift; sourceTree = "<group>"; };
		18706FF8237323DB007F8BF2 /* EditProfileImageTableViewCell.xib */ = {isa = PBXFileReference; lastKnownFileType = file.xib; path = EditProfileImageTableViewCell.xib; sourceTree = "<group>"; };
		18706FFB23732835007F8BF2 /* EditProfileTextFieldsTableViewCell.swift */ = {isa = PBXFileReference; lastKnownFileType = sourcecode.swift; path = EditProfileTextFieldsTableViewCell.swift; sourceTree = "<group>"; };
		18706FFC23732835007F8BF2 /* EditProfileTextFieldsTableViewCell.xib */ = {isa = PBXFileReference; lastKnownFileType = file.xib; path = EditProfileTextFieldsTableViewCell.xib; sourceTree = "<group>"; };
		18706FFF23732CF9007F8BF2 /* EditProfileGenderTableViewCell.swift */ = {isa = PBXFileReference; lastKnownFileType = sourcecode.swift; path = EditProfileGenderTableViewCell.swift; sourceTree = "<group>"; };
		1870700023732CF9007F8BF2 /* EditProfileGenderTableViewCell.xib */ = {isa = PBXFileReference; lastKnownFileType = file.xib; path = EditProfileGenderTableViewCell.xib; sourceTree = "<group>"; };
		1870700323732F5F007F8BF2 /* EditProfileSaveButtonTableViewCell.swift */ = {isa = PBXFileReference; lastKnownFileType = sourcecode.swift; path = EditProfileSaveButtonTableViewCell.swift; sourceTree = "<group>"; };
		1870700423732F5F007F8BF2 /* EditProfileSaveButtonTableViewCell.xib */ = {isa = PBXFileReference; lastKnownFileType = file.xib; path = EditProfileSaveButtonTableViewCell.xib; sourceTree = "<group>"; };
		18781C1F23707001001BAF95 /* FeedsView.xib */ = {isa = PBXFileReference; lastKnownFileType = file.xib; path = FeedsView.xib; sourceTree = "<group>"; };
		18781C2123707019001BAF95 /* FeedsView.swift */ = {isa = PBXFileReference; lastKnownFileType = sourcecode.swift; path = FeedsView.swift; sourceTree = "<group>"; };
		18781C23237087D3001BAF95 /* UIViewExtension.swift */ = {isa = PBXFileReference; lastKnownFileType = sourcecode.swift; path = UIViewExtension.swift; sourceTree = "<group>"; };
		188073AA242B41EF0005CAE4 /* UserPostsModel.swift */ = {isa = PBXFileReference; lastKnownFileType = sourcecode.swift; path = UserPostsModel.swift; sourceTree = "<group>"; };
		188073AC242B47E30005CAE4 /* Reachability.swift */ = {isa = PBXFileReference; fileEncoding = 4; lastKnownFileType = sourcecode.swift; path = Reachability.swift; sourceTree = "<group>"; };
		188073AE242B73810005CAE4 /* OtherUserModel.swift */ = {isa = PBXFileReference; lastKnownFileType = sourcecode.swift; path = OtherUserModel.swift; sourceTree = "<group>"; };
		188073B0242BA1040005CAE4 /* NotificationModel.swift */ = {isa = PBXFileReference; lastKnownFileType = sourcecode.swift; path = NotificationModel.swift; sourceTree = "<group>"; };
		18847A52237BF2FA004D500A /* ChatViewController.swift */ = {isa = PBXFileReference; lastKnownFileType = sourcecode.swift; path = ChatViewController.swift; sourceTree = "<group>"; };
		18847A54237C21F1004D500A /* GroupDetailViewController.swift */ = {isa = PBXFileReference; lastKnownFileType = sourcecode.swift; path = GroupDetailViewController.swift; sourceTree = "<group>"; };
		18847A56237C3010004D500A /* MediaCollectionViewCell.swift */ = {isa = PBXFileReference; lastKnownFileType = sourcecode.swift; path = MediaCollectionViewCell.swift; sourceTree = "<group>"; };
		18847A57237C3010004D500A /* MediaCollectionViewCell.xib */ = {isa = PBXFileReference; lastKnownFileType = file.xib; path = MediaCollectionViewCell.xib; sourceTree = "<group>"; };
		18847A5A237C5A52004D500A /* MediaViewController.swift */ = {isa = PBXFileReference; lastKnownFileType = sourcecode.swift; path = MediaViewController.swift; sourceTree = "<group>"; };
		1885744A2372B91900985AC8 /* CameraViewController.swift */ = {isa = PBXFileReference; lastKnownFileType = sourcecode.swift; path = CameraViewController.swift; sourceTree = "<group>"; };
		1889F2DD23DF41100079DB72 /* ViewersViewController.swift */ = {isa = PBXFileReference; lastKnownFileType = sourcecode.swift; path = ViewersViewController.swift; sourceTree = "<group>"; };
		188CB373244DA57200B0C2B9 /* MessagesModel.swift */ = {isa = PBXFileReference; lastKnownFileType = sourcecode.swift; path = MessagesModel.swift; sourceTree = "<group>"; };
		1890CB80242136060096044E /* UserModel.swift */ = {isa = PBXFileReference; lastKnownFileType = sourcecode.swift; path = UserModel.swift; sourceTree = "<group>"; };
		189329B9237014E90067077F /* Utility.swift */ = {isa = PBXFileReference; lastKnownFileType = sourcecode.swift; path = Utility.swift; sourceTree = "<group>"; };
		189329BB237015D80067077F /* ViewControllerExtension.swift */ = {isa = PBXFileReference; lastKnownFileType = sourcecode.swift; path = ViewControllerExtension.swift; sourceTree = "<group>"; };
		189329BE23701EE50067077F /* SignupViewController.swift */ = {isa = PBXFileReference; lastKnownFileType = sourcecode.swift; path = SignupViewController.swift; sourceTree = "<group>"; };
		189329C0237020900067077F /* Lato-Bold_0.ttf */ = {isa = PBXFileReference; lastKnownFileType = file; path = "Lato-Bold_0.ttf"; sourceTree = "<group>"; };
		189329C1237020900067077F /* Lato-Semibold_0.ttf */ = {isa = PBXFileReference; lastKnownFileType = file; path = "Lato-Semibold_0.ttf"; sourceTree = "<group>"; };
		189329C2237020910067077F /* Lato-Regular_0.ttf */ = {isa = PBXFileReference; lastKnownFileType = file; path = "Lato-Regular_0.ttf"; sourceTree = "<group>"; };
		189329C6237023860067077F /* Theme.swift */ = {isa = PBXFileReference; lastKnownFileType = sourcecode.swift; path = Theme.swift; sourceTree = "<group>"; };
		189329C823702FE90067077F /* ForgotPasswordViewController.swift */ = {isa = PBXFileReference; lastKnownFileType = sourcecode.swift; path = ForgotPasswordViewController.swift; sourceTree = "<group>"; };
		189329CA237030040067077F /* SetPasswordViewController.swift */ = {isa = PBXFileReference; lastKnownFileType = sourcecode.swift; path = SetPasswordViewController.swift; sourceTree = "<group>"; };
		189329CC237035670067077F /* LabelExtension.swift */ = {isa = PBXFileReference; lastKnownFileType = sourcecode.swift; path = LabelExtension.swift; sourceTree = "<group>"; };
		189329CF23705E510067077F /* HomeViewController.swift */ = {isa = PBXFileReference; lastKnownFileType = sourcecode.swift; path = HomeViewController.swift; sourceTree = "<group>"; };
		189329D2237061A70067077F /* StoryCollectionViewCell.swift */ = {isa = PBXFileReference; lastKnownFileType = sourcecode.swift; path = StoryCollectionViewCell.swift; sourceTree = "<group>"; };
		189329D3237061A70067077F /* StoryCollectionViewCell.xib */ = {isa = PBXFileReference; lastKnownFileType = file.xib; path = StoryCollectionViewCell.xib; sourceTree = "<group>"; };
		1895C31424358036006F3CE7 /* StoryModel.swift */ = {isa = PBXFileReference; lastKnownFileType = sourcecode.swift; path = StoryModel.swift; sourceTree = "<group>"; };
		189AA401244F29F40074B081 /* ShareStoriesViewController.swift */ = {isa = PBXFileReference; lastKnownFileType = sourcecode.swift; path = ShareStoriesViewController.swift; sourceTree = "<group>"; };
		189E3F8E24408F5800244BCD /* PostDetailViewController.swift */ = {isa = PBXFileReference; lastKnownFileType = sourcecode.swift; path = PostDetailViewController.swift; sourceTree = "<group>"; };
		18A1F329243C9C2A002E542A /* StoryUserModel.swift */ = {isa = PBXFileReference; lastKnownFileType = sourcecode.swift; path = StoryUserModel.swift; sourceTree = "<group>"; };
		18A32621240FBCD800CF329E /* UIImage+Transform.swift */ = {isa = PBXFileReference; fileEncoding = 4; lastKnownFileType = sourcecode.swift; path = "UIImage+Transform.swift"; sourceTree = "<group>"; };
		18A32623240FBCE700CF329E /* DSSwipableFilterView.swift */ = {isa = PBXFileReference; fileEncoding = 4; lastKnownFileType = sourcecode.swift; path = DSSwipableFilterView.swift; sourceTree = "<group>"; };
		18A32624240FBCE800CF329E /* DSFilterView.swift */ = {isa = PBXFileReference; fileEncoding = 4; lastKnownFileType = sourcecode.swift; path = DSFilterView.swift; sourceTree = "<group>"; };
		18A32625240FBCE800CF329E /* DSSwipableFilterViewDataSource.swift */ = {isa = PBXFileReference; fileEncoding = 4; lastKnownFileType = sourcecode.swift; path = DSSwipableFilterViewDataSource.swift; sourceTree = "<group>"; };
		18A32626240FBCE800CF329E /* DSFilter.swift */ = {isa = PBXFileReference; fileEncoding = 4; lastKnownFileType = sourcecode.swift; path = DSFilter.swift; sourceTree = "<group>"; };
		18A3262B241010AE00CF329E /* EmojisViewController.swift */ = {isa = PBXFileReference; lastKnownFileType = sourcecode.swift; path = EmojisViewController.swift; sourceTree = "<group>"; };
		18A3262D241010D300CF329E /* EmojisCollectionViewCell.swift */ = {isa = PBXFileReference; lastKnownFileType = sourcecode.swift; path = EmojisCollectionViewCell.swift; sourceTree = "<group>"; };
		18A3262E241010D300CF329E /* EmojisCollectionViewCell.xib */ = {isa = PBXFileReference; lastKnownFileType = file.xib; path = EmojisCollectionViewCell.xib; sourceTree = "<group>"; };
		18A4C33C244859AB00893D9D /* GroupChatModel.swift */ = {isa = PBXFileReference; lastKnownFileType = sourcecode.swift; path = GroupChatModel.swift; sourceTree = "<group>"; };
		18AC39A4237ED0A40044136B /* AddMembersViewController.swift */ = {isa = PBXFileReference; lastKnownFileType = sourcecode.swift; path = AddMembersViewController.swift; sourceTree = "<group>"; };
		18AD1C4A2449F70F006AFF67 /* ShareViewController.swift */ = {isa = PBXFileReference; lastKnownFileType = sourcecode.swift; path = ShareViewController.swift; sourceTree = "<group>"; };
		18B086422371AA71002D773E /* TabBarViewController.swift */ = {isa = PBXFileReference; lastKnownFileType = sourcecode.swift; path = TabBarViewController.swift; sourceTree = "<group>"; };
		18B14CC023758086005E5CE4 /* SignupDetail1ViewController.swift */ = {isa = PBXFileReference; lastKnownFileType = sourcecode.swift; path = SignupDetail1ViewController.swift; sourceTree = "<group>"; };
		18B14CC2237580A0005E5CE4 /* SignupDetail2ViewController.swift */ = {isa = PBXFileReference; lastKnownFileType = sourcecode.swift; path = SignupDetail2ViewController.swift; sourceTree = "<group>"; };
		18B14CC42375AB8F005E5CE4 /* OptionsViewController.swift */ = {isa = PBXFileReference; lastKnownFileType = sourcecode.swift; path = OptionsViewController.swift; sourceTree = "<group>"; };
		18B14CC62375ABD6005E5CE4 /* OptionsTableViewCell.swift */ = {isa = PBXFileReference; lastKnownFileType = sourcecode.swift; path = OptionsTableViewCell.swift; sourceTree = "<group>"; };
		18B14CC92375CA85005E5CE4 /* StoriesViewController.swift */ = {isa = PBXFileReference; lastKnownFileType = sourcecode.swift; path = StoriesViewController.swift; sourceTree = "<group>"; };
		18B371DB242D15740068ADE2 /* iFollow.entitlements */ = {isa = PBXFileReference; lastKnownFileType = text.plist.entitlements; path = iFollow.entitlements; sourceTree = "<group>"; };
		18B82A302371CBDB00693F7F /* NotificationViewController.swift */ = {isa = PBXFileReference; lastKnownFileType = sourcecode.swift; path = NotificationViewController.swift; sourceTree = "<group>"; };
		18B82A322371D05A00693F7F /* NotificationTableViewCell.swift */ = {isa = PBXFileReference; lastKnownFileType = sourcecode.swift; path = NotificationTableViewCell.swift; sourceTree = "<group>"; };
		18B82A332371D05A00693F7F /* NotificationTableViewCell.xib */ = {isa = PBXFileReference; lastKnownFileType = file.xib; path = NotificationTableViewCell.xib; sourceTree = "<group>"; };
		18B92DD5244080F20099272D /* BlockUsersViewController.swift */ = {isa = PBXFileReference; lastKnownFileType = sourcecode.swift; path = BlockUsersViewController.swift; sourceTree = "<group>"; };
		18BDABB72431D8DE003B772C /* ExtensionOfTapGestures.swift */ = {isa = PBXFileReference; lastKnownFileType = sourcecode.swift; path = ExtensionOfTapGestures.swift; sourceTree = "<group>"; };
		18BDABB924322510003B772C /* PrivacyPolicyViewController.swift */ = {isa = PBXFileReference; lastKnownFileType = sourcecode.swift; path = PrivacyPolicyViewController.swift; sourceTree = "<group>"; };
		18C88D81237184E2005C739F /* ExploreViewController.swift */ = {isa = PBXFileReference; lastKnownFileType = sourcecode.swift; path = ExploreViewController.swift; sourceTree = "<group>"; };
		18C88D83237193DB005C739F /* AllStoriesCollectionViewCell.swift */ = {isa = PBXFileReference; lastKnownFileType = sourcecode.swift; path = AllStoriesCollectionViewCell.swift; sourceTree = "<group>"; };
		18C88D84237193DB005C739F /* AllStoriesCollectionViewCell.xib */ = {isa = PBXFileReference; lastKnownFileType = file.xib; path = AllStoriesCollectionViewCell.xib; sourceTree = "<group>"; };
		18C89E07243F267A0032A663 /* SearchViewController.swift */ = {isa = PBXFileReference; lastKnownFileType = sourcecode.swift; path = SearchViewController.swift; sourceTree = "<group>"; };
		18C89E09243F2DD40032A663 /* SearchUserModel.swift */ = {isa = PBXFileReference; lastKnownFileType = sourcecode.swift; path = SearchUserModel.swift; sourceTree = "<group>"; };
		18C89E0B243F3F120032A663 /* RecentChatsModel.swift */ = {isa = PBXFileReference; lastKnownFileType = sourcecode.swift; path = RecentChatsModel.swift; sourceTree = "<group>"; };
		18C970F02445B69200C4F7C4 /* GroupChatViewController.swift */ = {isa = PBXFileReference; lastKnownFileType = sourcecode.swift; path = GroupChatViewController.swift; sourceTree = "<group>"; };
		18C970F22445CE5000C4F7C4 /* ChatMediaModel.swift */ = {isa = PBXFileReference; lastKnownFileType = sourcecode.swift; path = ChatMediaModel.swift; sourceTree = "<group>"; };
		18CD2D8B237EE167007A2C3B /* CommentViewController.swift */ = {isa = PBXFileReference; lastKnownFileType = sourcecode.swift; path = CommentViewController.swift; sourceTree = "<group>"; };
		18D0B3BB2372CC3100C6BD06 /* ProfileViewController.swift */ = {isa = PBXFileReference; lastKnownFileType = sourcecode.swift; path = ProfileViewController.swift; sourceTree = "<group>"; };
		18D6BBD324375749004D90EB /* AudioRecorderSingleton.swift */ = {isa = PBXFileReference; lastKnownFileType = sourcecode.swift; path = AudioRecorderSingleton.swift; sourceTree = "<group>"; };
		18DC8812242127FE00494FAD /* Constant.swift */ = {isa = PBXFileReference; lastKnownFileType = sourcecode.swift; path = Constant.swift; sourceTree = "<group>"; };
		18DF115C246C2E2600D0F89E /* MobilePlayerNotification.swift */ = {isa = PBXFileReference; fileEncoding = 4; lastKnownFileType = sourcecode.swift; path = MobilePlayerNotification.swift; sourceTree = "<group>"; };
		18DF115E246C2E2600D0F89E /* YoutubeParser.swift */ = {isa = PBXFileReference; fileEncoding = 4; lastKnownFileType = sourcecode.swift; path = YoutubeParser.swift; sourceTree = "<group>"; };
		18DF115F246C2E2600D0F89E /* MobilePlayer.h */ = {isa = PBXFileReference; fileEncoding = 4; lastKnownFileType = sourcecode.c.h; path = MobilePlayer.h; sourceTree = "<group>"; };
		18DF1160246C2E2600D0F89E /* MobilePlayerViewController.swift */ = {isa = PBXFileReference; fileEncoding = 4; lastKnownFileType = sourcecode.swift; path = MobilePlayerViewController.swift; sourceTree = "<group>"; };
		18DF1162246C2E2600D0F89E /* SliderConfig.swift */ = {isa = PBXFileReference; fileEncoding = 4; lastKnownFileType = sourcecode.swift; path = SliderConfig.swift; sourceTree = "<group>"; };
		18DF1163246C2E2600D0F89E /* ElementConfig.swift */ = {isa = PBXFileReference; fileEncoding = 4; lastKnownFileType = sourcecode.swift; path = ElementConfig.swift; sourceTree = "<group>"; };
		18DF1164246C2E2600D0F89E /* LabelConfig.swift */ = {isa = PBXFileReference; fileEncoding = 4; lastKnownFileType = sourcecode.swift; path = LabelConfig.swift; sourceTree = "<group>"; };
		18DF1165246C2E2600D0F89E /* MobilePlayerConfig.swift */ = {isa = PBXFileReference; fileEncoding = 4; lastKnownFileType = sourcecode.swift; path = MobilePlayerConfig.swift; sourceTree = "<group>"; };
		18DF1166246C2E2600D0F89E /* WatermarkConfig.swift */ = {isa = PBXFileReference; fileEncoding = 4; lastKnownFileType = sourcecode.swift; path = WatermarkConfig.swift; sourceTree = "<group>"; };
		18DF1167246C2E2600D0F89E /* BarConfig.swift */ = {isa = PBXFileReference; fileEncoding = 4; lastKnownFileType = sourcecode.swift; path = BarConfig.swift; sourceTree = "<group>"; };
		18DF1168246C2E2600D0F89E /* ToggleButtonConfig.swift */ = {isa = PBXFileReference; fileEncoding = 4; lastKnownFileType = sourcecode.swift; path = ToggleButtonConfig.swift; sourceTree = "<group>"; };
		18DF1169246C2E2600D0F89E /* ButtonConfig.swift */ = {isa = PBXFileReference; fileEncoding = 4; lastKnownFileType = sourcecode.swift; path = ButtonConfig.swift; sourceTree = "<group>"; };
		18DF116B246C2E2600D0F89E /* UIColor+Hex.swift */ = {isa = PBXFileReference; fileEncoding = 4; lastKnownFileType = sourcecode.swift; path = "UIColor+Hex.swift"; sourceTree = "<group>"; };
		18DF116C246C2E2600D0F89E /* UIImage+CocoaPods.swift */ = {isa = PBXFileReference; fileEncoding = 4; lastKnownFileType = sourcecode.swift; path = "UIImage+CocoaPods.swift"; sourceTree = "<group>"; };
		18DF116D246C2E2600D0F89E /* ClosureSupport.swift */ = {isa = PBXFileReference; fileEncoding = 4; lastKnownFileType = sourcecode.swift; path = ClosureSupport.swift; sourceTree = "<group>"; };
		18DF116E246C2E2600D0F89E /* MobilePlayerOverlayViewController.swift */ = {isa = PBXFileReference; fileEncoding = 4; lastKnownFileType = sourcecode.swift; path = MobilePlayerOverlayViewController.swift; sourceTree = "<group>"; };
		18DF116F246C2E2600D0F89E /* WatermarkViewController.swift */ = {isa = PBXFileReference; fileEncoding = 4; lastKnownFileType = sourcecode.swift; path = WatermarkViewController.swift; sourceTree = "<group>"; };
		18DF1171246C2E2600D0F89E /* Label.swift */ = {isa = PBXFileReference; fileEncoding = 4; lastKnownFileType = sourcecode.swift; path = Label.swift; sourceTree = "<group>"; };
		18DF1172246C2E2600D0F89E /* MobilePlayerControlsView.swift */ = {isa = PBXFileReference; fileEncoding = 4; lastKnownFileType = sourcecode.swift; path = MobilePlayerControlsView.swift; sourceTree = "<group>"; };
		18DF1173246C2E2600D0F89E /* VolumeView.swift */ = {isa = PBXFileReference; fileEncoding = 4; lastKnownFileType = sourcecode.swift; path = VolumeView.swift; sourceTree = "<group>"; };
		18DF1174246C2E2600D0F89E /* Bar.swift */ = {isa = PBXFileReference; fileEncoding = 4; lastKnownFileType = sourcecode.swift; path = Bar.swift; sourceTree = "<group>"; };
		18DF1175246C2E2600D0F89E /* Element.swift */ = {isa = PBXFileReference; fileEncoding = 4; lastKnownFileType = sourcecode.swift; path = Element.swift; sourceTree = "<group>"; };
		18DF1176246C2E2600D0F89E /* PlayerView.swift */ = {isa = PBXFileReference; fileEncoding = 4; lastKnownFileType = sourcecode.swift; path = PlayerView.swift; sourceTree = "<group>"; };
		18DF1177246C2E2600D0F89E /* Slider.swift */ = {isa = PBXFileReference; fileEncoding = 4; lastKnownFileType = sourcecode.swift; path = Slider.swift; sourceTree = "<group>"; };
		18DF1178246C2E2600D0F89E /* ToggleButton.swift */ = {isa = PBXFileReference; fileEncoding = 4; lastKnownFileType = sourcecode.swift; path = ToggleButton.swift; sourceTree = "<group>"; };
		18DF1179246C2E2600D0F89E /* Button.swift */ = {isa = PBXFileReference; fileEncoding = 4; lastKnownFileType = sourcecode.swift; path = Button.swift; sourceTree = "<group>"; };
		18DF117B246C2E2600D0F89E /* MobilePlayerControllable.swift */ = {isa = PBXFileReference; fileEncoding = 4; lastKnownFileType = sourcecode.swift; path = MobilePlayerControllable.swift; sourceTree = "<group>"; };
		18DF117D246C2E2600D0F89E /* StateHelper.swift */ = {isa = PBXFileReference; fileEncoding = 4; lastKnownFileType = sourcecode.swift; path = StateHelper.swift; sourceTree = "<group>"; };
		18E198F0243B140900511296 /* HomePostsModel.swift */ = {isa = PBXFileReference; lastKnownFileType = sourcecode.swift; path = HomePostsModel.swift; sourceTree = "<group>"; };
		18E198F2243B5BDD00511296 /* PostLikesUserModel.swift */ = {isa = PBXFileReference; lastKnownFileType = sourcecode.swift; path = PostLikesUserModel.swift; sourceTree = "<group>"; };
		262DC613D8406DA651E72383 /* Pods-iFollow.release.xcconfig */ = {isa = PBXFileReference; includeInIndex = 1; lastKnownFileType = text.xcconfig; name = "Pods-iFollow.release.xcconfig"; path = "Target Support Files/Pods-iFollow/Pods-iFollow.release.xcconfig"; sourceTree = "<group>"; };
		2F7183439A39CBABAFAC7392 /* Pods-iFollow.debug.xcconfig */ = {isa = PBXFileReference; includeInIndex = 1; lastKnownFileType = text.xcconfig; name = "Pods-iFollow.debug.xcconfig"; path = "Target Support Files/Pods-iFollow/Pods-iFollow.debug.xcconfig"; sourceTree = "<group>"; };
		5CA24313593CE4CA00639F2C /* Pods_iFollow.framework */ = {isa = PBXFileReference; explicitFileType = wrapper.framework; includeInIndex = 0; path = Pods_iFollow.framework; sourceTree = BUILT_PRODUCTS_DIR; };
/* End PBXFileReference section */

/* Begin PBXFrameworksBuildPhase section */
		18390886236C70D6009A28E6 /* Frameworks */ = {
			isa = PBXFrameworksBuildPhase;
			buildActionMask = 2147483647;
			files = (
				0A3F3D9CBF999C8D04FFA0B4 /* Pods_iFollow.framework in Frameworks */,
			);
			runOnlyForDeploymentPostprocessing = 0;
		};
/* End PBXFrameworksBuildPhase section */

/* Begin PBXGroup section */
		0A5C7F3D279C0C564AEDF2C9 /* Pods */ = {
			isa = PBXGroup;
			children = (
				2F7183439A39CBABAFAC7392 /* Pods-iFollow.debug.xcconfig */,
				262DC613D8406DA651E72383 /* Pods-iFollow.release.xcconfig */,
			);
			path = Pods;
			sourceTree = "<group>";
		};
		1825A526237AEA06002811E7 /* Trenders and Trending Controller */ = {
			isa = PBXGroup;
			children = (
				1825A527237AEA41002811E7 /* TrendersContainerViewController.swift */,
				1825A529237AEA50002811E7 /* TrendesViewController.swift */,
				1825A52B237AEA64002811E7 /* TrendingViewController.swift */,
			);
			path = "Trenders and Trending Controller";
			sourceTree = "<group>";
		};
		182F62562372E88900A55E52 /* Chat Controllers */ = {
			isa = PBXGroup;
			children = (
				182F62572372E94B00A55E52 /* ChatBoxContainerViewController.swift */,
				182F62592372E96A00A55E52 /* AllChatsListViewController.swift */,
				182F625B2372E97600A55E52 /* AllGroupsListViewController.swift */,
				185640E92374444D00CC2777 /* PrivateChatBoxViewController.swift */,
				1825A52E237AFDEF002811E7 /* ChatContainerViewController.swift */,
				18847A52237BF2FA004D500A /* ChatViewController.swift */,
				18C970F02445B69200C4F7C4 /* GroupChatViewController.swift */,
			);
			path = "Chat Controllers";
			sourceTree = "<group>";
		};
		18307AB0236C86AF00A0A7C6 /* Account Controllers */ = {
			isa = PBXGroup;
			children = (
				1839089F236C7A99009A28E6 /* MainViewController.swift */,
				18307AB1236C86CE00A0A7C6 /* LoginViewController.swift */,
				189329BE23701EE50067077F /* SignupViewController.swift */,
				189329C823702FE90067077F /* ForgotPasswordViewController.swift */,
				189329CA237030040067077F /* SetPasswordViewController.swift */,
				18B14CC023758086005E5CE4 /* SignupDetail1ViewController.swift */,
				18B14CC2237580A0005E5CE4 /* SignupDetail2ViewController.swift */,
				18BDABB924322510003B772C /* PrivacyPolicyViewController.swift */,
			);
			path = "Account Controllers";
			sourceTree = "<group>";
		};
		18307AB3236C97B900A0A7C6 /* Extensions */ = {
			isa = PBXGroup;
			children = (
				18307AB4236C97CB00A0A7C6 /* StringExtension.swift */,
				189329BB237015D80067077F /* ViewControllerExtension.swift */,
				189329CC237035670067077F /* LabelExtension.swift */,
				18781C23237087D3001BAF95 /* UIViewExtension.swift */,
				1834832B24223E5500200F8C /* ExtensionOfRealm.swift */,
				18BDABB72431D8DE003B772C /* ExtensionOfTapGestures.swift */,
			);
			path = Extensions;
			sourceTree = "<group>";
		};
		183483282422312800200F8C /* API Router */ = {
			isa = PBXGroup;
			children = (
				183483292422313A00200F8C /* API.swift */,
				188073AC242B47E30005CAE4 /* Reachability.swift */,
			);
			path = "API Router";
			sourceTree = "<group>";
		};
		18390880236C70D6009A28E6 = {
			isa = PBXGroup;
			children = (
				1839088B236C70D6009A28E6 /* iFollow */,
				1839088A236C70D6009A28E6 /* Products */,
				0A5C7F3D279C0C564AEDF2C9 /* Pods */,
				321A3F2ED6C77D47B34797F9 /* Frameworks */,
			);
			sourceTree = "<group>";
		};
		1839088A236C70D6009A28E6 /* Products */ = {
			isa = PBXGroup;
			children = (
				18390889236C70D6009A28E6 /* iFollow.app */,
			);
			name = Products;
			sourceTree = "<group>";
		};
		1839088B236C70D6009A28E6 /* iFollow */ = {
			isa = PBXGroup;
			children = (
				18DF115B246C2E2600D0F89E /* MobilePlayer */,
				18D6BBD22437572C004D90EB /* AudioRecorderSingleton */,
				186CD0D3242391BF004E7D90 /* GoogleService-Info.plist */,
				18B371DB242D15740068ADE2 /* iFollow.entitlements */,
				183483282422312800200F8C /* API Router */,
				1890CB7F242135F30096044E /* Models */,
				18A32620240FBCA800CF329E /* Filters Library */,
				1855081023796956008EAC2E /* Video */,
				1855080D23795330008EAC2E /* Segment Progress Bar */,
				189329D12370618F0067077F /* Cells */,
				189329BD23701E520067077F /* Fonts */,
				189329B8237014D50067077F /* Utilities */,
				18307AB3236C97B900A0A7C6 /* Extensions */,
				1839089E236C7865009A28E6 /* Controllers */,
				1839088C236C70D6009A28E6 /* AppDelegate.swift */,
				18390890236C70D6009A28E6 /* Main.storyboard */,
				18390893236C70DA009A28E6 /* Assets.xcassets */,
				18390895236C70DA009A28E6 /* LaunchScreen.storyboard */,
				18390898236C70DA009A28E6 /* Info.plist */,
			);
			path = iFollow;
			sourceTree = "<group>";
		};
		1839089E236C7865009A28E6 /* Controllers */ = {
			isa = PBXGroup;
			children = (
				18CD2D8A237EE14C007A2C3B /* Comment Controller */,
				1825A526237AEA06002811E7 /* Trenders and Trending Controller */,
				185CC0C32379A058006BDC9D /* New Post Controller */,
				18B14CC82375CA38005E5CE4 /* Stories Controller */,
				185640ED2374794500CC2777 /* Groups Controller */,
				185640DE23741B5600CC2777 /* Menu Controller */,
				182F62562372E88900A55E52 /* Chat Controllers */,
				18D0B3BA2372CBAC00C6BD06 /* Profile Controller */,
				188574492372B8FB00985AC8 /* Camera Controller */,
				18B82A2F2371CBBA00693F7F /* Notifications Controller */,
				18B086412371AA57002D773E /* Tab bar Controller */,
				18C88D80237184BC005C739F /* Explore Controller */,
				189329CE23705E2E0067077F /* Home Controllers */,
				18307AB0236C86AF00A0A7C6 /* Account Controllers */,
			);
			path = Controllers;
			sourceTree = "<group>";
		};
		1855080D23795330008EAC2E /* Segment Progress Bar */ = {
			isa = PBXGroup;
			children = (
				1855080E23795352008EAC2E /* SegmentProgressBar.swift */,
			);
			path = "Segment Progress Bar";
			sourceTree = "<group>";
		};
		1855081023796956008EAC2E /* Video */ = {
			isa = PBXGroup;
			children = (
				185508112379696E008EAC2E /* sampleVideo.mp4 */,
				1855081323796E5E008EAC2E /* video.mp4 */,
			);
			path = Video;
			sourceTree = "<group>";
		};
		185640DE23741B5600CC2777 /* Menu Controller */ = {
			isa = PBXGroup;
			children = (
				185640DF23741B7800CC2777 /* MenuViewController.swift */,
				185AFE2E242A462500AC38FB /* PrivacyViewController.swift */,
				18B92DD5244080F20099272D /* BlockUsersViewController.swift */,
			);
			path = "Menu Controller";
			sourceTree = "<group>";
		};
		185640ED2374794500CC2777 /* Groups Controller */ = {
			isa = PBXGroup;
			children = (
				185640EE2374796300CC2777 /* CreateGroupViewController.swift */,
				18847A54237C21F1004D500A /* GroupDetailViewController.swift */,
				18847A5A237C5A52004D500A /* MediaViewController.swift */,
				18AC39A4237ED0A40044136B /* AddMembersViewController.swift */,
			);
			path = "Groups Controller";
			sourceTree = "<group>";
		};
		185CC0C32379A058006BDC9D /* New Post Controller */ = {
			isa = PBXGroup;
			children = (
				185CC0C42379A096006BDC9D /* NewPostViewController.swift */,
			);
			path = "New Post Controller";
			sourceTree = "<group>";
		};
		186A989D241A9B86000AD9AB /* Picture Editing Fonts */ = {
			isa = PBXGroup;
			children = (
				186A98A6241A9BF0000AD9AB /* yellosun.ttf */,
				186A98A4241A9BDE000AD9AB /* Simplisicky Fill.ttf */,
				186A98A2241A9BBF000AD9AB /* JandaCurlygirlSerif.ttf */,
				186A98A0241A9BA7000AD9AB /* Cream Cake.ttf */,
				186A989E241A9B9D000AD9AB /* Rightland.otf */,
				1863EB97241BC548000E5C31 /* LEMONMILK-MediumItalic.otf */,
				1863EB99241BC5BD000E5C31 /* Gobold Lowplus.otf */,
				1863EB9B241BC5E8000E5C31 /* PoetsenOne-Regular.ttf */,
				1863EB9D241BC613000E5C31 /* Evogria Italic.otf */,
			);
			path = "Picture Editing Fonts";
			sourceTree = "<group>";
		};
		188574492372B8FB00985AC8 /* Camera Controller */ = {
			isa = PBXGroup;
			children = (
				1885744A2372B91900985AC8 /* CameraViewController.swift */,
				18A3262B241010AE00CF329E /* EmojisViewController.swift */,
			);
			path = "Camera Controller";
			sourceTree = "<group>";
		};
		1890CB7F242135F30096044E /* Models */ = {
			isa = PBXGroup;
			children = (
				1890CB80242136060096044E /* UserModel.swift */,
				181709462424D8AB00EE5753 /* StickersModel.swift */,
				188073AA242B41EF0005CAE4 /* UserPostsModel.swift */,
				188073AE242B73810005CAE4 /* OtherUserModel.swift */,
				188073B0242BA1040005CAE4 /* NotificationModel.swift */,
				1895C31424358036006F3CE7 /* StoryModel.swift */,
				18E198F0243B140900511296 /* HomePostsModel.swift */,
				18E198F2243B5BDD00511296 /* PostLikesUserModel.swift */,
				18A1F329243C9C2A002E542A /* StoryUserModel.swift */,
				18C89E09243F2DD40032A663 /* SearchUserModel.swift */,
				18C89E0B243F3F120032A663 /* RecentChatsModel.swift */,
				18C970F22445CE5000C4F7C4 /* ChatMediaModel.swift */,
				18A4C33C244859AB00893D9D /* GroupChatModel.swift */,
				188CB373244DA57200B0C2B9 /* MessagesModel.swift */,
			);
			path = Models;
			sourceTree = "<group>";
		};
		189329B8237014D50067077F /* Utilities */ = {
			isa = PBXGroup;
			children = (
				189329B9237014E90067077F /* Utility.swift */,
				189329C6237023860067077F /* Theme.swift */,
				1855081B23799422008EAC2E /* HalfSizePresentation.swift */,
				18DC8812242127FE00494FAD /* Constant.swift */,
			);
			path = Utilities;
			sourceTree = "<group>";
		};
		189329BD23701E520067077F /* Fonts */ = {
			isa = PBXGroup;
			children = (
				186A989D241A9B86000AD9AB /* Picture Editing Fonts */,
				189329C0237020900067077F /* Lato-Bold_0.ttf */,
				189329C2237020910067077F /* Lato-Regular_0.ttf */,
				189329C1237020900067077F /* Lato-Semibold_0.ttf */,
				183A9B7E2371D7AA00ADCD10 /* Lato-Black.ttf */,
			);
			path = Fonts;
			sourceTree = "<group>";
		};
		189329CE23705E2E0067077F /* Home Controllers */ = {
			isa = PBXGroup;
			children = (
				189329CF23705E510067077F /* HomeViewController.swift */,
				189E3F8E24408F5800244BCD /* PostDetailViewController.swift */,
				18AD1C4A2449F70F006AFF67 /* ShareViewController.swift */,
			);
			path = "Home Controllers";
			sourceTree = "<group>";
		};
		189329D12370618F0067077F /* Cells */ = {
			isa = PBXGroup;
			children = (
				189329D2237061A70067077F /* StoryCollectionViewCell.swift */,
				189329D3237061A70067077F /* StoryCollectionViewCell.xib */,
				18781C2123707019001BAF95 /* FeedsView.swift */,
				18781C1F23707001001BAF95 /* FeedsView.xib */,
				18C88D83237193DB005C739F /* AllStoriesCollectionViewCell.swift */,
				18C88D84237193DB005C739F /* AllStoriesCollectionViewCell.xib */,
				18B82A322371D05A00693F7F /* NotificationTableViewCell.swift */,
				18B82A332371D05A00693F7F /* NotificationTableViewCell.xib */,
				182F625D2372EB4E00A55E52 /* ChatListTableViewCell.swift */,
				182F625E2372EB4E00A55E52 /* ChatListTableViewCell.xib */,
				18706FF7237323DB007F8BF2 /* EditProfileImageTableViewCell.swift */,
				18706FF8237323DB007F8BF2 /* EditProfileImageTableViewCell.xib */,
				18706FFB23732835007F8BF2 /* EditProfileTextFieldsTableViewCell.swift */,
				18706FFC23732835007F8BF2 /* EditProfileTextFieldsTableViewCell.xib */,
				18706FFF23732CF9007F8BF2 /* EditProfileGenderTableViewCell.swift */,
				1870700023732CF9007F8BF2 /* EditProfileGenderTableViewCell.xib */,
				1870700323732F5F007F8BF2 /* EditProfileSaveButtonTableViewCell.swift */,
				1870700423732F5F007F8BF2 /* EditProfileSaveButtonTableViewCell.xib */,
				185640E1237423C100CC2777 /* MenuTableViewCell.swift */,
				185640E2237423C100CC2777 /* MenuTableViewCell.xib */,
				185640E5237426B600CC2777 /* MenuSeperatorTableViewCell.swift */,
				185640E6237426B600CC2777 /* MenuSeperatorTableViewCell.xib */,
				18B14CC62375ABD6005E5CE4 /* OptionsTableViewCell.swift */,
				1855081723798976008EAC2E /* FriendsTableViewCell.swift */,
				1855081823798976008EAC2E /* FriendsTableViewCell.xib */,
				18847A56237C3010004D500A /* MediaCollectionViewCell.swift */,
				18847A57237C3010004D500A /* MediaCollectionViewCell.xib */,
				18A3262D241010D300CF329E /* EmojisCollectionViewCell.swift */,
				18A3262E241010D300CF329E /* EmojisCollectionViewCell.xib */,
				181A0B66245184BB00E137CB /* UnifiedNativeAdView.xib */,
			);
			path = Cells;
			sourceTree = "<group>";
		};
		18A32620240FBCA800CF329E /* Filters Library */ = {
			isa = PBXGroup;
			children = (
				18A32626240FBCE800CF329E /* DSFilter.swift */,
				18A32624240FBCE800CF329E /* DSFilterView.swift */,
				18A32623240FBCE700CF329E /* DSSwipableFilterView.swift */,
				18A32625240FBCE800CF329E /* DSSwipableFilterViewDataSource.swift */,
				18A32621240FBCD800CF329E /* UIImage+Transform.swift */,
			);
			path = "Filters Library";
			sourceTree = "<group>";
		};
		18B086412371AA57002D773E /* Tab bar Controller */ = {
			isa = PBXGroup;
			children = (
				18B086422371AA71002D773E /* TabBarViewController.swift */,
			);
			path = "Tab bar Controller";
			sourceTree = "<group>";
		};
		18B14CC82375CA38005E5CE4 /* Stories Controller */ = {
			isa = PBXGroup;
			children = (
				18B14CC92375CA85005E5CE4 /* StoriesViewController.swift */,
				1855081523797DA8008EAC2E /* SendStoryViewController.swift */,
				1889F2DD23DF41100079DB72 /* ViewersViewController.swift */,
				189AA401244F29F40074B081 /* ShareStoriesViewController.swift */,
			);
			path = "Stories Controller";
			sourceTree = "<group>";
		};
		18B82A2F2371CBBA00693F7F /* Notifications Controller */ = {
			isa = PBXGroup;
			children = (
				18B82A302371CBDB00693F7F /* NotificationViewController.swift */,
			);
			path = "Notifications Controller";
			sourceTree = "<group>";
		};
		18C88D80237184BC005C739F /* Explore Controller */ = {
			isa = PBXGroup;
			children = (
				18C88D81237184E2005C739F /* ExploreViewController.swift */,
				18C89E07243F267A0032A663 /* SearchViewController.swift */,
			);
			path = "Explore Controller";
			sourceTree = "<group>";
		};
		18CD2D8A237EE14C007A2C3B /* Comment Controller */ = {
			isa = PBXGroup;
			children = (
				18CD2D8B237EE167007A2C3B /* CommentViewController.swift */,
			);
			path = "Comment Controller";
			sourceTree = "<group>";
		};
		18D0B3BA2372CBAC00C6BD06 /* Profile Controller */ = {
			isa = PBXGroup;
			children = (
				18D0B3BB2372CC3100C6BD06 /* ProfileViewController.swift */,
				18706FF52373209D007F8BF2 /* EditProfileViewController.swift */,
				185640EB23745A3C00CC2777 /* OtherUserProfileViewController.swift */,
				18B14CC42375AB8F005E5CE4 /* OptionsViewController.swift */,
			);
			path = "Profile Controller";
			sourceTree = "<group>";
		};
		18D6BBD22437572C004D90EB /* AudioRecorderSingleton */ = {
			isa = PBXGroup;
			children = (
				18D6BBD324375749004D90EB /* AudioRecorderSingleton.swift */,
			);
			path = AudioRecorderSingleton;
			sourceTree = "<group>";
		};
		18DF115B246C2E2600D0F89E /* MobilePlayer */ = {
			isa = PBXGroup;
			children = (
				18DF115C246C2E2600D0F89E /* MobilePlayerNotification.swift */,
				18DF115D246C2E2600D0F89E /* Parsers */,
				18DF115F246C2E2600D0F89E /* MobilePlayer.h */,
				18DF1160246C2E2600D0F89E /* MobilePlayerViewController.swift */,
				18DF1161246C2E2600D0F89E /* Config */,
				18DF116A246C2E2600D0F89E /* Extensions */,
				18DF116E246C2E2600D0F89E /* MobilePlayerOverlayViewController.swift */,
				18DF116F246C2E2600D0F89E /* WatermarkViewController.swift */,
				18DF1170246C2E2600D0F89E /* Views */,
				18DF117A246C2E2600D0F89E /* Protocols */,
				18DF117C246C2E2600D0F89E /* Helpers */,
			);
			path = MobilePlayer;
			sourceTree = "<group>";
		};
		18DF115D246C2E2600D0F89E /* Parsers */ = {
			isa = PBXGroup;
			children = (
				18DF115E246C2E2600D0F89E /* YoutubeParser.swift */,
			);
			path = Parsers;
			sourceTree = "<group>";
		};
		18DF1161246C2E2600D0F89E /* Config */ = {
			isa = PBXGroup;
			children = (
				18DF1162246C2E2600D0F89E /* SliderConfig.swift */,
				18DF1163246C2E2600D0F89E /* ElementConfig.swift */,
				18DF1164246C2E2600D0F89E /* LabelConfig.swift */,
				18DF1165246C2E2600D0F89E /* MobilePlayerConfig.swift */,
				18DF1166246C2E2600D0F89E /* WatermarkConfig.swift */,
				18DF1167246C2E2600D0F89E /* BarConfig.swift */,
				18DF1168246C2E2600D0F89E /* ToggleButtonConfig.swift */,
				18DF1169246C2E2600D0F89E /* ButtonConfig.swift */,
			);
			path = Config;
			sourceTree = "<group>";
		};
		18DF116A246C2E2600D0F89E /* Extensions */ = {
			isa = PBXGroup;
			children = (
				18DF116B246C2E2600D0F89E /* UIColor+Hex.swift */,
				18DF116C246C2E2600D0F89E /* UIImage+CocoaPods.swift */,
				18DF116D246C2E2600D0F89E /* ClosureSupport.swift */,
			);
			path = Extensions;
			sourceTree = "<group>";
		};
		18DF1170246C2E2600D0F89E /* Views */ = {
			isa = PBXGroup;
			children = (
				18DF1171246C2E2600D0F89E /* Label.swift */,
				18DF1172246C2E2600D0F89E /* MobilePlayerControlsView.swift */,
				18DF1173246C2E2600D0F89E /* VolumeView.swift */,
				18DF1174246C2E2600D0F89E /* Bar.swift */,
				18DF1175246C2E2600D0F89E /* Element.swift */,
				18DF1176246C2E2600D0F89E /* PlayerView.swift */,
				18DF1177246C2E2600D0F89E /* Slider.swift */,
				18DF1178246C2E2600D0F89E /* ToggleButton.swift */,
				18DF1179246C2E2600D0F89E /* Button.swift */,
			);
			path = Views;
			sourceTree = "<group>";
		};
		18DF117A246C2E2600D0F89E /* Protocols */ = {
			isa = PBXGroup;
			children = (
				18DF117B246C2E2600D0F89E /* MobilePlayerControllable.swift */,
			);
			path = Protocols;
			sourceTree = "<group>";
		};
		18DF117C246C2E2600D0F89E /* Helpers */ = {
			isa = PBXGroup;
			children = (
				18DF117D246C2E2600D0F89E /* StateHelper.swift */,
			);
			path = Helpers;
			sourceTree = "<group>";
		};
		321A3F2ED6C77D47B34797F9 /* Frameworks */ = {
			isa = PBXGroup;
			children = (
				5CA24313593CE4CA00639F2C /* Pods_iFollow.framework */,
			);
			name = Frameworks;
			sourceTree = "<group>";
		};
/* End PBXGroup section */

/* Begin PBXNativeTarget section */
		18390888236C70D6009A28E6 /* iFollow */ = {
			isa = PBXNativeTarget;
			buildConfigurationList = 1839089B236C70DA009A28E6 /* Build configuration list for PBXNativeTarget "iFollow" */;
			buildPhases = (
				7D6035C27FFE834BCB5E51BD /* [CP] Check Pods Manifest.lock */,
				18390885236C70D6009A28E6 /* Sources */,
				18390886236C70D6009A28E6 /* Frameworks */,
				18390887236C70D6009A28E6 /* Resources */,
				4419ABF9884D6E678407C9D3 /* [CP] Embed Pods Frameworks */,
				D1C35B8DEBF0A034FFD0BD50 /* [CP] Copy Pods Resources */,
				188232E2243379CD0042128E /* ShellScript */,
			);
			buildRules = (
			);
			dependencies = (
			);
			name = iFollow;
			productName = iFollow;
			productReference = 18390889236C70D6009A28E6 /* iFollow.app */;
			productType = "com.apple.product-type.application";
		};
/* End PBXNativeTarget section */

/* Begin PBXProject section */
		18390881236C70D6009A28E6 /* Project object */ = {
			isa = PBXProject;
			attributes = {
				LastSwiftUpdateCheck = 1030;
				LastUpgradeCheck = 1030;
				ORGANIZATIONNAME = "Shahzeb siddiqui";
				TargetAttributes = {
					18390888236C70D6009A28E6 = {
						CreatedOnToolsVersion = 10.3;
						SystemCapabilities = {
							com.apple.BackgroundModes = {
								enabled = 1;
							};
							com.apple.Push = {
								enabled = 1;
							};
						};
					};
				};
			};
			buildConfigurationList = 18390884236C70D6009A28E6 /* Build configuration list for PBXProject "iFollow" */;
			compatibilityVersion = "Xcode 9.3";
			developmentRegion = en;
			hasScannedForEncodings = 0;
			knownRegions = (
				en,
				Base,
			);
			mainGroup = 18390880236C70D6009A28E6;
			productRefGroup = 1839088A236C70D6009A28E6 /* Products */;
			projectDirPath = "";
			projectRoot = "";
			targets = (
				18390888236C70D6009A28E6 /* iFollow */,
			);
		};
/* End PBXProject section */

/* Begin PBXResourcesBuildPhase section */
		18390887236C70D6009A28E6 /* Resources */ = {
			isa = PBXResourcesBuildPhase;
			buildActionMask = 2147483647;
			files = (
				18B82A352371D05A00693F7F /* NotificationTableViewCell.xib in Resources */,
				186CD0D4242391BF004E7D90 /* GoogleService-Info.plist in Resources */,
				186A98A5241A9BDE000AD9AB /* Simplisicky Fill.ttf in Resources */,
				18781C2023707001001BAF95 /* FeedsView.xib in Resources */,
				18706FFA237323DB007F8BF2 /* EditProfileImageTableViewCell.xib in Resources */,
				18847A59237C3010004D500A /* MediaCollectionViewCell.xib in Resources */,
				189329C3237020910067077F /* Lato-Bold_0.ttf in Resources */,
				1863EB98241BC548000E5C31 /* LEMONMILK-MediumItalic.otf in Resources */,
				1870700223732CF9007F8BF2 /* EditProfileGenderTableViewCell.xib in Resources */,
				181A0B67245184BB00E137CB /* UnifiedNativeAdView.xib in Resources */,
				18390897236C70DA009A28E6 /* LaunchScreen.storyboard in Resources */,
				185508122379696E008EAC2E /* sampleVideo.mp4 in Resources */,
				18A32630241010D300CF329E /* EmojisCollectionViewCell.xib in Resources */,
				186A989F241A9B9D000AD9AB /* Rightland.otf in Resources */,
				1863EB9E241BC613000E5C31 /* Evogria Italic.otf in Resources */,
				186A98A7241A9BF0000AD9AB /* yellosun.ttf in Resources */,
				189329C5237020910067077F /* Lato-Regular_0.ttf in Resources */,
				1863EB9A241BC5BD000E5C31 /* Gobold Lowplus.otf in Resources */,
				182F62602372EB4E00A55E52 /* ChatListTableViewCell.xib in Resources */,
				185640E8237426B600CC2777 /* MenuSeperatorTableViewCell.xib in Resources */,
				189329C4237020910067077F /* Lato-Semibold_0.ttf in Resources */,
				186A98A1241A9BA7000AD9AB /* Cream Cake.ttf in Resources */,
				1855081423796E5E008EAC2E /* video.mp4 in Resources */,
				183A9B7F2371D7AA00ADCD10 /* Lato-Black.ttf in Resources */,
				18706FFE23732835007F8BF2 /* EditProfileTextFieldsTableViewCell.xib in Resources */,
				189329D5237061A70067077F /* StoryCollectionViewCell.xib in Resources */,
				1870700623732F5F007F8BF2 /* EditProfileSaveButtonTableViewCell.xib in Resources */,
				18C88D86237193DB005C739F /* AllStoriesCollectionViewCell.xib in Resources */,
				185640E4237423C100CC2777 /* MenuTableViewCell.xib in Resources */,
				18390894236C70DA009A28E6 /* Assets.xcassets in Resources */,
				1863EB9C241BC5E8000E5C31 /* PoetsenOne-Regular.ttf in Resources */,
				18390892236C70D6009A28E6 /* Main.storyboard in Resources */,
				1855081A23798976008EAC2E /* FriendsTableViewCell.xib in Resources */,
				186A98A3241A9BBF000AD9AB /* JandaCurlygirlSerif.ttf in Resources */,
			);
			runOnlyForDeploymentPostprocessing = 0;
		};
/* End PBXResourcesBuildPhase section */

/* Begin PBXShellScriptBuildPhase section */
		188232E2243379CD0042128E /* ShellScript */ = {
			isa = PBXShellScriptBuildPhase;
			buildActionMask = 2147483647;
			files = (
			);
			inputFileListPaths = (
			);
			inputPaths = (
				"$(SRCROOT)/$(BUILT_PRODUCTS_DIR)/$(INFOPLIST_PATH)",
			);
			outputFileListPaths = (
			);
			outputPaths = (
			);
			runOnlyForDeploymentPostprocessing = 0;
			shellPath = /bin/sh;
			shellScript = "\"${PODS_ROOT}/FirebaseCrashlytics/run\"\n";
		};
		4419ABF9884D6E678407C9D3 /* [CP] Embed Pods Frameworks */ = {
			isa = PBXShellScriptBuildPhase;
			buildActionMask = 2147483647;
			files = (
			);
			inputFileListPaths = (
				"${PODS_ROOT}/Target Support Files/Pods-iFollow/Pods-iFollow-frameworks-${CONFIGURATION}-input-files.xcfilelist",
			);
			name = "[CP] Embed Pods Frameworks";
			outputFileListPaths = (
				"${PODS_ROOT}/Target Support Files/Pods-iFollow/Pods-iFollow-frameworks-${CONFIGURATION}-output-files.xcfilelist",
			);
			runOnlyForDeploymentPostprocessing = 0;
			shellPath = /bin/sh;
			shellScript = "\"${PODS_ROOT}/Target Support Files/Pods-iFollow/Pods-iFollow-frameworks.sh\"\n";
			showEnvVarsInLog = 0;
		};
		7D6035C27FFE834BCB5E51BD /* [CP] Check Pods Manifest.lock */ = {
			isa = PBXShellScriptBuildPhase;
			buildActionMask = 2147483647;
			files = (
			);
			inputFileListPaths = (
			);
			inputPaths = (
				"${PODS_PODFILE_DIR_PATH}/Podfile.lock",
				"${PODS_ROOT}/Manifest.lock",
			);
			name = "[CP] Check Pods Manifest.lock";
			outputFileListPaths = (
			);
			outputPaths = (
				"$(DERIVED_FILE_DIR)/Pods-iFollow-checkManifestLockResult.txt",
			);
			runOnlyForDeploymentPostprocessing = 0;
			shellPath = /bin/sh;
			shellScript = "diff \"${PODS_PODFILE_DIR_PATH}/Podfile.lock\" \"${PODS_ROOT}/Manifest.lock\" > /dev/null\nif [ $? != 0 ] ; then\n    # print error to STDERR\n    echo \"error: The sandbox is not in sync with the Podfile.lock. Run 'pod install' or update your CocoaPods installation.\" >&2\n    exit 1\nfi\n# This output is used by Xcode 'outputs' to avoid re-running this script phase.\necho \"SUCCESS\" > \"${SCRIPT_OUTPUT_FILE_0}\"\n";
			showEnvVarsInLog = 0;
		};
		D1C35B8DEBF0A034FFD0BD50 /* [CP] Copy Pods Resources */ = {
			isa = PBXShellScriptBuildPhase;
			buildActionMask = 2147483647;
			files = (
			);
			inputFileListPaths = (
				"${PODS_ROOT}/Target Support Files/Pods-iFollow/Pods-iFollow-resources-${CONFIGURATION}-input-files.xcfilelist",
			);
			name = "[CP] Copy Pods Resources";
			outputFileListPaths = (
				"${PODS_ROOT}/Target Support Files/Pods-iFollow/Pods-iFollow-resources-${CONFIGURATION}-output-files.xcfilelist",
			);
			runOnlyForDeploymentPostprocessing = 0;
			shellPath = /bin/sh;
			shellScript = "\"${PODS_ROOT}/Target Support Files/Pods-iFollow/Pods-iFollow-resources.sh\"\n";
			showEnvVarsInLog = 0;
		};
/* End PBXShellScriptBuildPhase section */

/* Begin PBXSourcesBuildPhase section */
		18390885236C70D6009A28E6 /* Sources */ = {
			isa = PBXSourcesBuildPhase;
			buildActionMask = 2147483647;
			files = (
				18C89E0C243F3F120032A663 /* RecentChatsModel.swift in Sources */,
				18DF1196246C2E2600D0F89E /* Button.swift in Sources */,
				1870700523732F5F007F8BF2 /* EditProfileSaveButtonTableViewCell.swift in Sources */,
				18BDABBA24322510003B772C /* PrivacyPolicyViewController.swift in Sources */,
				18781C24237087D3001BAF95 /* UIViewExtension.swift in Sources */,
				18DF1198246C2E2600D0F89E /* StateHelper.swift in Sources */,
				189329BA237014E90067077F /* Utility.swift in Sources */,
				18DF117F246C2E2600D0F89E /* YoutubeParser.swift in Sources */,
				189329C7237023860067077F /* Theme.swift in Sources */,
				189329BF23701EE50067077F /* SignupViewController.swift in Sources */,
				18DF1182246C2E2600D0F89E /* ElementConfig.swift in Sources */,
				18A1F32A243C9C2A002E542A /* StoryUserModel.swift in Sources */,
				18B086432371AA71002D773E /* TabBarViewController.swift in Sources */,
				18307AB5236C97CB00A0A7C6 /* StringExtension.swift in Sources */,
				18DF118C246C2E2600D0F89E /* MobilePlayerOverlayViewController.swift in Sources */,
				188073AD242B47E30005CAE4 /* Reachability.swift in Sources */,
				18DF1190246C2E2600D0F89E /* VolumeView.swift in Sources */,
				1825A52C237AEA64002811E7 /* TrendingViewController.swift in Sources */,
				18DF118B246C2E2600D0F89E /* ClosureSupport.swift in Sources */,
				185640E023741B7800CC2777 /* MenuViewController.swift in Sources */,
				18D0B3BC2372CC3100C6BD06 /* ProfileViewController.swift in Sources */,
				18B14CC52375AB8F005E5CE4 /* OptionsViewController.swift in Sources */,
				1834832C24223E5500200F8C /* ExtensionOfRealm.swift in Sources */,
				189329CB237030040067077F /* SetPasswordViewController.swift in Sources */,
				18A32627240FBCE800CF329E /* DSSwipableFilterView.swift in Sources */,
				18DF1183246C2E2600D0F89E /* LabelConfig.swift in Sources */,
				1870700123732CF9007F8BF2 /* EditProfileGenderTableViewCell.swift in Sources */,
				18C89E0A243F2DD40032A663 /* SearchUserModel.swift in Sources */,
				1825A52A237AEA50002811E7 /* TrendesViewController.swift in Sources */,
				18E198F1243B140900511296 /* HomePostsModel.swift in Sources */,
				189329BC237015D80067077F /* ViewControllerExtension.swift in Sources */,
				185640EF2374796300CC2777 /* CreateGroupViewController.swift in Sources */,
				182F625C2372E97600A55E52 /* AllGroupsListViewController.swift in Sources */,
				189329C923702FE90067077F /* ForgotPasswordViewController.swift in Sources */,
				189329CD237035670067077F /* LabelExtension.swift in Sources */,
				18781C2223707019001BAF95 /* FeedsView.swift in Sources */,
				1855081923798976008EAC2E /* FriendsTableViewCell.swift in Sources */,
				18DF1180246C2E2600D0F89E /* MobilePlayerViewController.swift in Sources */,
				1890CB81242136060096044E /* UserModel.swift in Sources */,
				18B14CCA2375CA85005E5CE4 /* StoriesViewController.swift in Sources */,
				18847A53237BF2FA004D500A /* ChatViewController.swift in Sources */,
				1885744B2372B91900985AC8 /* CameraViewController.swift in Sources */,
				185640EA2374444D00CC2777 /* PrivateChatBoxViewController.swift in Sources */,
				18C88D82237184E2005C739F /* ExploreViewController.swift in Sources */,
				18A3262C241010AE00CF329E /* EmojisViewController.swift in Sources */,
				18DF118D246C2E2600D0F89E /* WatermarkViewController.swift in Sources */,
				18B82A312371CBDB00693F7F /* NotificationViewController.swift in Sources */,
				189329D4237061A70067077F /* StoryCollectionViewCell.swift in Sources */,
				18A32629240FBCE800CF329E /* DSSwipableFilterViewDataSource.swift in Sources */,
				18DF1181246C2E2600D0F89E /* SliderConfig.swift in Sources */,
				18AC39A5237ED0A40044136B /* AddMembersViewController.swift in Sources */,
				18DF118E246C2E2600D0F89E /* Label.swift in Sources */,
				1825A528237AEA41002811E7 /* TrendersContainerViewController.swift in Sources */,
				189AA402244F29F40074B081 /* ShareStoriesViewController.swift in Sources */,
				18A3262F241010D300CF329E /* EmojisCollectionViewCell.swift in Sources */,
				182F62582372E94B00A55E52 /* ChatBoxContainerViewController.swift in Sources */,
				18DF118A246C2E2600D0F89E /* UIImage+CocoaPods.swift in Sources */,
				18DF118F246C2E2600D0F89E /* MobilePlayerControlsView.swift in Sources */,
				18DF1192246C2E2600D0F89E /* Element.swift in Sources */,
				18307AB2236C86CE00A0A7C6 /* LoginViewController.swift in Sources */,
				18847A5B237C5A52004D500A /* MediaViewController.swift in Sources */,
				1855081623797DA8008EAC2E /* SendStoryViewController.swift in Sources */,
				185640E7237426B600CC2777 /* MenuSeperatorTableViewCell.swift in Sources */,
				182F625F2372EB4E00A55E52 /* ChatListTableViewCell.swift in Sources */,
				18A32622240FBCD900CF329E /* UIImage+Transform.swift in Sources */,
				18BDABB82431D8DE003B772C /* ExtensionOfTapGestures.swift in Sources */,
				18DC8813242127FE00494FAD /* Constant.swift in Sources */,
				18C970F32445CE5000C4F7C4 /* ChatMediaModel.swift in Sources */,
				188073AF242B73810005CAE4 /* OtherUserModel.swift in Sources */,
				183908A0236C7A99009A28E6 /* MainViewController.swift in Sources */,
				18B82A342371D05A00693F7F /* NotificationTableViewCell.swift in Sources */,
				18A32628240FBCE800CF329E /* DSFilterView.swift in Sources */,
				18AD1C4B2449F70F006AFF67 /* ShareViewController.swift in Sources */,
				1825A52F237AFDEF002811E7 /* ChatContainerViewController.swift in Sources */,
				18DF117E246C2E2600D0F89E /* MobilePlayerNotification.swift in Sources */,
				18847A58237C3010004D500A /* MediaCollectionViewCell.swift in Sources */,
				18DF1184246C2E2600D0F89E /* MobilePlayerConfig.swift in Sources */,
				182F625A2372E96A00A55E52 /* AllChatsListViewController.swift in Sources */,
				18B14CC3237580A0005E5CE4 /* SignupDetail2ViewController.swift in Sources */,
				18DF1191246C2E2600D0F89E /* Bar.swift in Sources */,
				185CC0C52379A096006BDC9D /* NewPostViewController.swift in Sources */,
				18B14CC123758086005E5CE4 /* SignupDetail1ViewController.swift in Sources */,
				18847A55237C21F1004D500A /* GroupDetailViewController.swift in Sources */,
				18C88D85237193DB005C739F /* AllStoriesCollectionViewCell.swift in Sources */,
				18B92DD6244080F20099272D /* BlockUsersViewController.swift in Sources */,
				18C89E08243F267A0032A663 /* SearchViewController.swift in Sources */,
				188CB374244DA57200B0C2B9 /* MessagesModel.swift in Sources */,
				1839088D236C70D6009A28E6 /* AppDelegate.swift in Sources */,
				1855081C23799422008EAC2E /* HalfSizePresentation.swift in Sources */,
				18E198F3243B5BDD00511296 /* PostLikesUserModel.swift in Sources */,
				18DF1193246C2E2600D0F89E /* PlayerView.swift in Sources */,
				18706FFD23732835007F8BF2 /* EditProfileTextFieldsTableViewCell.swift in Sources */,
				18DF1194246C2E2600D0F89E /* Slider.swift in Sources */,
				18B14CC72375ABD6005E5CE4 /* OptionsTableViewCell.swift in Sources */,
				189E3F8F24408F5800244BCD /* PostDetailViewController.swift in Sources */,
				1855080F23795352008EAC2E /* SegmentProgressBar.swift in Sources */,
				18DF1195246C2E2600D0F89E /* ToggleButton.swift in Sources */,
				18DF1187246C2E2600D0F89E /* ToggleButtonConfig.swift in Sources */,
				18DF1189246C2E2600D0F89E /* UIColor+Hex.swift in Sources */,
				18A3262A240FBCE800CF329E /* DSFilter.swift in Sources */,
				188073B1242BA1040005CAE4 /* NotificationModel.swift in Sources */,
				189329D023705E510067077F /* HomeViewController.swift in Sources */,
				185640EC23745A3C00CC2777 /* OtherUserProfileViewController.swift in Sources */,
				18DF1186246C2E2600D0F89E /* BarConfig.swift in Sources */,
				18C970F12445B69300C4F7C4 /* GroupChatViewController.swift in Sources */,
				181709472424D8AB00EE5753 /* StickersModel.swift in Sources */,
				188073AB242B41EF0005CAE4 /* UserPostsModel.swift in Sources */,
				18706FF62373209D007F8BF2 /* EditProfileViewController.swift in Sources */,
				18D6BBD424375749004D90EB /* AudioRecorderSingleton.swift in Sources */,
				18706FF9237323DB007F8BF2 /* EditProfileImageTableViewCell.swift in Sources */,
				185AFE2F242A462500AC38FB /* PrivacyViewController.swift in Sources */,
				185640E3237423C100CC2777 /* MenuTableViewCell.swift in Sources */,
				18A4C33D244859AB00893D9D /* GroupChatModel.swift in Sources */,
				1889F2DE23DF41100079DB72 /* ViewersViewController.swift in Sources */,
				18DF1197246C2E2600D0F89E /* MobilePlayerControllable.swift in Sources */,
				1834832A2422313A00200F8C /* API.swift in Sources */,
				18DF1185246C2E2600D0F89E /* WatermarkConfig.swift in Sources */,
				18CD2D8C237EE167007A2C3B /* CommentViewController.swift in Sources */,
				1895C31524358036006F3CE7 /* StoryModel.swift in Sources */,
				18DF1188246C2E2600D0F89E /* ButtonConfig.swift in Sources */,
			);
			runOnlyForDeploymentPostprocessing = 0;
		};
/* End PBXSourcesBuildPhase section */

/* Begin PBXVariantGroup section */
		18390890236C70D6009A28E6 /* Main.storyboard */ = {
			isa = PBXVariantGroup;
			children = (
				18390891236C70D6009A28E6 /* Base */,
			);
			name = Main.storyboard;
			sourceTree = "<group>";
		};
		18390895236C70DA009A28E6 /* LaunchScreen.storyboard */ = {
			isa = PBXVariantGroup;
			children = (
				18390896236C70DA009A28E6 /* Base */,
			);
			name = LaunchScreen.storyboard;
			sourceTree = "<group>";
		};
/* End PBXVariantGroup section */

/* Begin XCBuildConfiguration section */
		18390899236C70DA009A28E6 /* Debug */ = {
			isa = XCBuildConfiguration;
			buildSettings = {
				ALWAYS_SEARCH_USER_PATHS = NO;
				CLANG_ANALYZER_NONNULL = YES;
				CLANG_ANALYZER_NUMBER_OBJECT_CONVERSION = YES_AGGRESSIVE;
				CLANG_CXX_LANGUAGE_STANDARD = "gnu++14";
				CLANG_CXX_LIBRARY = "libc++";
				CLANG_ENABLE_MODULES = YES;
				CLANG_ENABLE_OBJC_ARC = YES;
				CLANG_ENABLE_OBJC_WEAK = YES;
				CLANG_WARN_BLOCK_CAPTURE_AUTORELEASING = YES;
				CLANG_WARN_BOOL_CONVERSION = YES;
				CLANG_WARN_COMMA = YES;
				CLANG_WARN_CONSTANT_CONVERSION = YES;
				CLANG_WARN_DEPRECATED_OBJC_IMPLEMENTATIONS = YES;
				CLANG_WARN_DIRECT_OBJC_ISA_USAGE = YES_ERROR;
				CLANG_WARN_DOCUMENTATION_COMMENTS = YES;
				CLANG_WARN_EMPTY_BODY = YES;
				CLANG_WARN_ENUM_CONVERSION = YES;
				CLANG_WARN_INFINITE_RECURSION = YES;
				CLANG_WARN_INT_CONVERSION = YES;
				CLANG_WARN_NON_LITERAL_NULL_CONVERSION = YES;
				CLANG_WARN_OBJC_IMPLICIT_RETAIN_SELF = YES;
				CLANG_WARN_OBJC_LITERAL_CONVERSION = YES;
				CLANG_WARN_OBJC_ROOT_CLASS = YES_ERROR;
				CLANG_WARN_RANGE_LOOP_ANALYSIS = YES;
				CLANG_WARN_STRICT_PROTOTYPES = YES;
				CLANG_WARN_SUSPICIOUS_MOVE = YES;
				CLANG_WARN_UNGUARDED_AVAILABILITY = YES_AGGRESSIVE;
				CLANG_WARN_UNREACHABLE_CODE = YES;
				CLANG_WARN__DUPLICATE_METHOD_MATCH = YES;
				CODE_SIGN_IDENTITY = "iPhone Developer";
				COPY_PHASE_STRIP = NO;
				DEBUG_INFORMATION_FORMAT = dwarf;
				ENABLE_STRICT_OBJC_MSGSEND = YES;
				ENABLE_TESTABILITY = YES;
				GCC_C_LANGUAGE_STANDARD = gnu11;
				GCC_DYNAMIC_NO_PIC = NO;
				GCC_NO_COMMON_BLOCKS = YES;
				GCC_OPTIMIZATION_LEVEL = 0;
				GCC_PREPROCESSOR_DEFINITIONS = (
					"DEBUG=1",
					"$(inherited)",
				);
				GCC_WARN_64_TO_32_BIT_CONVERSION = YES;
				GCC_WARN_ABOUT_RETURN_TYPE = YES_ERROR;
				GCC_WARN_UNDECLARED_SELECTOR = YES;
				GCC_WARN_UNINITIALIZED_AUTOS = YES_AGGRESSIVE;
				GCC_WARN_UNUSED_FUNCTION = YES;
				GCC_WARN_UNUSED_VARIABLE = YES;
				IPHONEOS_DEPLOYMENT_TARGET = 12.4;
				MTL_ENABLE_DEBUG_INFO = INCLUDE_SOURCE;
				MTL_FAST_MATH = YES;
				ONLY_ACTIVE_ARCH = YES;
				SDKROOT = iphoneos;
				SWIFT_ACTIVE_COMPILATION_CONDITIONS = DEBUG;
				SWIFT_OPTIMIZATION_LEVEL = "-Onone";
			};
			name = Debug;
		};
		1839089A236C70DA009A28E6 /* Release */ = {
			isa = XCBuildConfiguration;
			buildSettings = {
				ALWAYS_SEARCH_USER_PATHS = NO;
				CLANG_ANALYZER_NONNULL = YES;
				CLANG_ANALYZER_NUMBER_OBJECT_CONVERSION = YES_AGGRESSIVE;
				CLANG_CXX_LANGUAGE_STANDARD = "gnu++14";
				CLANG_CXX_LIBRARY = "libc++";
				CLANG_ENABLE_MODULES = YES;
				CLANG_ENABLE_OBJC_ARC = YES;
				CLANG_ENABLE_OBJC_WEAK = YES;
				CLANG_WARN_BLOCK_CAPTURE_AUTORELEASING = YES;
				CLANG_WARN_BOOL_CONVERSION = YES;
				CLANG_WARN_COMMA = YES;
				CLANG_WARN_CONSTANT_CONVERSION = YES;
				CLANG_WARN_DEPRECATED_OBJC_IMPLEMENTATIONS = YES;
				CLANG_WARN_DIRECT_OBJC_ISA_USAGE = YES_ERROR;
				CLANG_WARN_DOCUMENTATION_COMMENTS = YES;
				CLANG_WARN_EMPTY_BODY = YES;
				CLANG_WARN_ENUM_CONVERSION = YES;
				CLANG_WARN_INFINITE_RECURSION = YES;
				CLANG_WARN_INT_CONVERSION = YES;
				CLANG_WARN_NON_LITERAL_NULL_CONVERSION = YES;
				CLANG_WARN_OBJC_IMPLICIT_RETAIN_SELF = YES;
				CLANG_WARN_OBJC_LITERAL_CONVERSION = YES;
				CLANG_WARN_OBJC_ROOT_CLASS = YES_ERROR;
				CLANG_WARN_RANGE_LOOP_ANALYSIS = YES;
				CLANG_WARN_STRICT_PROTOTYPES = YES;
				CLANG_WARN_SUSPICIOUS_MOVE = YES;
				CLANG_WARN_UNGUARDED_AVAILABILITY = YES_AGGRESSIVE;
				CLANG_WARN_UNREACHABLE_CODE = YES;
				CLANG_WARN__DUPLICATE_METHOD_MATCH = YES;
				CODE_SIGN_IDENTITY = "iPhone Developer";
				COPY_PHASE_STRIP = NO;
				DEBUG_INFORMATION_FORMAT = "dwarf-with-dsym";
				ENABLE_NS_ASSERTIONS = NO;
				ENABLE_STRICT_OBJC_MSGSEND = YES;
				GCC_C_LANGUAGE_STANDARD = gnu11;
				GCC_NO_COMMON_BLOCKS = YES;
				GCC_WARN_64_TO_32_BIT_CONVERSION = YES;
				GCC_WARN_ABOUT_RETURN_TYPE = YES_ERROR;
				GCC_WARN_UNDECLARED_SELECTOR = YES;
				GCC_WARN_UNINITIALIZED_AUTOS = YES_AGGRESSIVE;
				GCC_WARN_UNUSED_FUNCTION = YES;
				GCC_WARN_UNUSED_VARIABLE = YES;
				IPHONEOS_DEPLOYMENT_TARGET = 12.4;
				MTL_ENABLE_DEBUG_INFO = NO;
				MTL_FAST_MATH = YES;
				SDKROOT = iphoneos;
				SWIFT_COMPILATION_MODE = wholemodule;
				SWIFT_OPTIMIZATION_LEVEL = "-O";
				VALIDATE_PRODUCT = YES;
			};
			name = Release;
		};
		1839089C236C70DA009A28E6 /* Debug */ = {
			isa = XCBuildConfiguration;
			baseConfigurationReference = 2F7183439A39CBABAFAC7392 /* Pods-iFollow.debug.xcconfig */;
			buildSettings = {
				ASSETCATALOG_COMPILER_APPICON_NAME = AppIcon;
				CODE_SIGN_ENTITLEMENTS = iFollow/iFollow.entitlements;
				CODE_SIGN_IDENTITY = "iPhone Developer";
				CODE_SIGN_STYLE = Automatic;
				DEVELOPMENT_TEAM = 9V8AYMXM6V;
				INFOPLIST_FILE = iFollow/Info.plist;
				IPHONEOS_DEPLOYMENT_TARGET = 13.0;
				LD_RUNPATH_SEARCH_PATHS = (
					"$(inherited)",
					"@executable_path/Frameworks",
				);
				MARKETING_VERSION = 1.7;
				PRODUCT_BUNDLE_IDENTIFIER = com.mou.iFollow;
				PRODUCT_NAME = "$(TARGET_NAME)";
				PROVISIONING_PROFILE_SPECIFIER = "";
				SWIFT_VERSION = 5.0;
				TARGETED_DEVICE_FAMILY = 1;
			};
			name = Debug;
		};
		1839089D236C70DA009A28E6 /* Release */ = {
			isa = XCBuildConfiguration;
			baseConfigurationReference = 262DC613D8406DA651E72383 /* Pods-iFollow.release.xcconfig */;
			buildSettings = {
				ASSETCATALOG_COMPILER_APPICON_NAME = AppIcon;
				CODE_SIGN_ENTITLEMENTS = iFollow/iFollow.entitlements;
				CODE_SIGN_IDENTITY = "iPhone Developer";
				CODE_SIGN_STYLE = Automatic;
				DEVELOPMENT_TEAM = 9V8AYMXM6V;
				INFOPLIST_FILE = iFollow/Info.plist;
				IPHONEOS_DEPLOYMENT_TARGET = 13.0;
				LD_RUNPATH_SEARCH_PATHS = (
					"$(inherited)",
					"@executable_path/Frameworks",
				);
				MARKETING_VERSION = 1.7;
				PRODUCT_BUNDLE_IDENTIFIER = com.mou.iFollow;
				PRODUCT_NAME = "$(TARGET_NAME)";
				PROVISIONING_PROFILE_SPECIFIER = "";
				SWIFT_VERSION = 5.0;
				TARGETED_DEVICE_FAMILY = 1;
			};
			name = Release;
		};
/* End XCBuildConfiguration section */

/* Begin XCConfigurationList section */
		18390884236C70D6009A28E6 /* Build configuration list for PBXProject "iFollow" */ = {
			isa = XCConfigurationList;
			buildConfigurations = (
				18390899236C70DA009A28E6 /* Debug */,
				1839089A236C70DA009A28E6 /* Release */,
			);
			defaultConfigurationIsVisible = 0;
			defaultConfigurationName = Release;
		};
		1839089B236C70DA009A28E6 /* Build configuration list for PBXNativeTarget "iFollow" */ = {
			isa = XCConfigurationList;
			buildConfigurations = (
				1839089C236C70DA009A28E6 /* Debug */,
				1839089D236C70DA009A28E6 /* Release */,
			);
			defaultConfigurationIsVisible = 0;
			defaultConfigurationName = Release;
		};
/* End XCConfigurationList section */
	};
	rootObject = 18390881236C70D6009A28E6 /* Project object */;
}
